// !$*UTF8*$!
{
	archiveVersion = 1;
	classes = {
	};
	objectVersion = 46;
	objects = {

/* Begin PBXBuildFile section */
		F07B8E1D1C667A7B00EB1E1F /* Assignments.plist in Resources */ = {isa = PBXBuildFile; fileRef = F07B8E1C1C667A7B00EB1E1F /* Assignments.plist */; };
		F0C717811C628CE10025F060 /* AppDelegate.swift in Sources */ = {isa = PBXBuildFile; fileRef = F0C717801C628CE10025F060 /* AppDelegate.swift */; };
		F0C717831C628CE10025F060 /* DoDateViewController.swift in Sources */ = {isa = PBXBuildFile; fileRef = F0C717821C628CE10025F060 /* DoDateViewController.swift */; };
		F0C717861C628CE10025F060 /* Main.storyboard in Resources */ = {isa = PBXBuildFile; fileRef = F0C717841C628CE10025F060 /* Main.storyboard */; };
		F0C717881C628CE10025F060 /* Assets.xcassets in Resources */ = {isa = PBXBuildFile; fileRef = F0C717871C628CE10025F060 /* Assets.xcassets */; };
		F0C7178B1C628CE10025F060 /* LaunchScreen.storyboard in Resources */ = {isa = PBXBuildFile; fileRef = F0C717891C628CE10025F060 /* LaunchScreen.storyboard */; };
		F0C717961C628CE10025F060 /* Do_DateTests.swift in Sources */ = {isa = PBXBuildFile; fileRef = F0C717951C628CE10025F060 /* Do_DateTests.swift */; };
		F0C717A11C628CE10025F060 /* Do_DateUITests.swift in Sources */ = {isa = PBXBuildFile; fileRef = F0C717A01C628CE10025F060 /* Do_DateUITests.swift */; };
		F0C717AF1C6290BD0025F060 /* AddNewViewController.swift in Sources */ = {isa = PBXBuildFile; fileRef = F0C717AE1C6290BD0025F060 /* AddNewViewController.swift */; };
/* End PBXBuildFile section */

/* Begin PBXContainerItemProxy section */
		F0C717921C628CE10025F060 /* PBXContainerItemProxy */ = {
			isa = PBXContainerItemProxy;
			containerPortal = F0C717751C628CE10025F060 /* Project object */;
			proxyType = 1;
			remoteGlobalIDString = F0C7177C1C628CE10025F060;
			remoteInfo = "Do Date";
		};
		F0C7179D1C628CE10025F060 /* PBXContainerItemProxy */ = {
			isa = PBXContainerItemProxy;
			containerPortal = F0C717751C628CE10025F060 /* Project object */;
			proxyType = 1;
			remoteGlobalIDString = F0C7177C1C628CE10025F060;
			remoteInfo = "Do Date";
		};
/* End PBXContainerItemProxy section */

/* Begin PBXFileReference section */
		F07B8E1C1C667A7B00EB1E1F /* Assignments.plist */ = {isa = PBXFileReference; fileEncoding = 4; lastKnownFileType = text.plist.xml; path = Assignments.plist; sourceTree = "<group>"; };
		F0C7177D1C628CE10025F060 /* Do Date.app */ = {isa = PBXFileReference; explicitFileType = wrapper.application; includeInIndex = 0; path = "Do Date.app"; sourceTree = BUILT_PRODUCTS_DIR; };
		F0C717801C628CE10025F060 /* AppDelegate.swift */ = {isa = PBXFileReference; lastKnownFileType = sourcecode.swift; path = AppDelegate.swift; sourceTree = "<group>"; };
		F0C717821C628CE10025F060 /* DoDateViewController.swift */ = {isa = PBXFileReference; lastKnownFileType = sourcecode.swift; path = DoDateViewController.swift; sourceTree = "<group>"; };
		F0C717851C628CE10025F060 /* Base */ = {isa = PBXFileReference; lastKnownFileType = file.storyboard; name = Base; path = Base.lproj/Main.storyboard; sourceTree = "<group>"; };
		F0C717871C628CE10025F060 /* Assets.xcassets */ = {isa = PBXFileReference; lastKnownFileType = folder.assetcatalog; path = Assets.xcassets; sourceTree = "<group>"; };
		F0C7178A1C628CE10025F060 /* Base */ = {isa = PBXFileReference; lastKnownFileType = file.storyboard; name = Base; path = Base.lproj/LaunchScreen.storyboard; sourceTree = "<group>"; };
		F0C7178C1C628CE10025F060 /* Info.plist */ = {isa = PBXFileReference; lastKnownFileType = text.plist.xml; path = Info.plist; sourceTree = "<group>"; };
		F0C717911C628CE10025F060 /* Do DateTests.xctest */ = {isa = PBXFileReference; explicitFileType = wrapper.cfbundle; includeInIndex = 0; path = "Do DateTests.xctest"; sourceTree = BUILT_PRODUCTS_DIR; };
		F0C717951C628CE10025F060 /* Do_DateTests.swift */ = {isa = PBXFileReference; lastKnownFileType = sourcecode.swift; path = Do_DateTests.swift; sourceTree = "<group>"; };
		F0C717971C628CE10025F060 /* Info.plist */ = {isa = PBXFileReference; lastKnownFileType = text.plist.xml; path = Info.plist; sourceTree = "<group>"; };
		F0C7179C1C628CE10025F060 /* Do DateUITests.xctest */ = {isa = PBXFileReference; explicitFileType = wrapper.cfbundle; includeInIndex = 0; path = "Do DateUITests.xctest"; sourceTree = BUILT_PRODUCTS_DIR; };
		F0C717A01C628CE10025F060 /* Do_DateUITests.swift */ = {isa = PBXFileReference; lastKnownFileType = sourcecode.swift; path = Do_DateUITests.swift; sourceTree = "<group>"; };
		F0C717A21C628CE10025F060 /* Info.plist */ = {isa = PBXFileReference; lastKnownFileType = text.plist.xml; path = Info.plist; sourceTree = "<group>"; };
		F0C717AE1C6290BD0025F060 /* AddNewViewController.swift */ = {isa = PBXFileReference; fileEncoding = 4; lastKnownFileType = sourcecode.swift; path = AddNewViewController.swift; sourceTree = "<group>"; };
/* End PBXFileReference section */

/* Begin PBXFrameworksBuildPhase section */
		F0C7177A1C628CE10025F060 /* Frameworks */ = {
			isa = PBXFrameworksBuildPhase;
			buildActionMask = 2147483647;
			files = (
			);
			runOnlyForDeploymentPostprocessing = 0;
		};
		F0C7178E1C628CE10025F060 /* Frameworks */ = {
			isa = PBXFrameworksBuildPhase;
			buildActionMask = 2147483647;
			files = (
			);
			runOnlyForDeploymentPostprocessing = 0;
		};
		F0C717991C628CE10025F060 /* Frameworks */ = {
			isa = PBXFrameworksBuildPhase;
			buildActionMask = 2147483647;
			files = (
			);
			runOnlyForDeploymentPostprocessing = 0;
		};
/* End PBXFrameworksBuildPhase section */

/* Begin PBXGroup section */
		F0C717741C628CE10025F060 = {
			isa = PBXGroup;
			children = (
				F0C7177F1C628CE10025F060 /* Do Date */,
				F0C717941C628CE10025F060 /* Do DateTests */,
				F0C7179F1C628CE10025F060 /* Do DateUITests */,
				F0C7177E1C628CE10025F060 /* Products */,
			);
			sourceTree = "<group>";
		};
		F0C7177E1C628CE10025F060 /* Products */ = {
			isa = PBXGroup;
			children = (
				F0C7177D1C628CE10025F060 /* Do Date.app */,
				F0C717911C628CE10025F060 /* Do DateTests.xctest */,
				F0C7179C1C628CE10025F060 /* Do DateUITests.xctest */,
			);
			name = Products;
			sourceTree = "<group>";
		};
		F0C7177F1C628CE10025F060 /* Do Date */ = {
			isa = PBXGroup;
			children = (
				F0C717801C628CE10025F060 /* AppDelegate.swift */,
				F0C717821C628CE10025F060 /* DoDateViewController.swift */,
				F0C717841C628CE10025F060 /* Main.storyboard */,
				F0C717AE1C6290BD0025F060 /* AddNewViewController.swift */,
				F0C717871C628CE10025F060 /* Assets.xcassets */,
				F0C717891C628CE10025F060 /* LaunchScreen.storyboard */,
				F07B8E1C1C667A7B00EB1E1F /* Assignments.plist */,
				F0C7178C1C628CE10025F060 /* Info.plist */,
			);
			path = "Do Date";
			sourceTree = "<group>";
		};
		F0C717941C628CE10025F060 /* Do DateTests */ = {
			isa = PBXGroup;
			children = (
				F0C717951C628CE10025F060 /* Do_DateTests.swift */,
				F0C717971C628CE10025F060 /* Info.plist */,
			);
			path = "Do DateTests";
			sourceTree = "<group>";
		};
		F0C7179F1C628CE10025F060 /* Do DateUITests */ = {
			isa = PBXGroup;
			children = (
				F0C717A01C628CE10025F060 /* Do_DateUITests.swift */,
				F0C717A21C628CE10025F060 /* Info.plist */,
			);
			path = "Do DateUITests";
			sourceTree = "<group>";
		};
/* End PBXGroup section */

/* Begin PBXNativeTarget section */
		F0C7177C1C628CE10025F060 /* Do Date */ = {
			isa = PBXNativeTarget;
			buildConfigurationList = F0C717A51C628CE10025F060 /* Build configuration list for PBXNativeTarget "Do Date" */;
			buildPhases = (
				F0C717791C628CE10025F060 /* Sources */,
				F0C7177A1C628CE10025F060 /* Frameworks */,
				F0C7177B1C628CE10025F060 /* Resources */,
			);
			buildRules = (
			);
			dependencies = (
			);
			name = "Do Date";
			productName = "Do Date";
			productReference = F0C7177D1C628CE10025F060 /* Do Date.app */;
			productType = "com.apple.product-type.application";
		};
		F0C717901C628CE10025F060 /* Do DateTests */ = {
			isa = PBXNativeTarget;
			buildConfigurationList = F0C717A81C628CE10025F060 /* Build configuration list for PBXNativeTarget "Do DateTests" */;
			buildPhases = (
				F0C7178D1C628CE10025F060 /* Sources */,
				F0C7178E1C628CE10025F060 /* Frameworks */,
				F0C7178F1C628CE10025F060 /* Resources */,
			);
			buildRules = (
			);
			dependencies = (
				F0C717931C628CE10025F060 /* PBXTargetDependency */,
			);
			name = "Do DateTests";
			productName = "Do DateTests";
			productReference = F0C717911C628CE10025F060 /* Do DateTests.xctest */;
			productType = "com.apple.product-type.bundle.unit-test";
		};
		F0C7179B1C628CE10025F060 /* Do DateUITests */ = {
			isa = PBXNativeTarget;
			buildConfigurationList = F0C717AB1C628CE10025F060 /* Build configuration list for PBXNativeTarget "Do DateUITests" */;
			buildPhases = (
				F0C717981C628CE10025F060 /* Sources */,
				F0C717991C628CE10025F060 /* Frameworks */,
				F0C7179A1C628CE10025F060 /* Resources */,
			);
			buildRules = (
			);
			dependencies = (
				F0C7179E1C628CE10025F060 /* PBXTargetDependency */,
			);
			name = "Do DateUITests";
			productName = "Do DateUITests";
			productReference = F0C7179C1C628CE10025F060 /* Do DateUITests.xctest */;
			productType = "com.apple.product-type.bundle.ui-testing";
		};
/* End PBXNativeTarget section */

/* Begin PBXProject section */
		F0C717751C628CE10025F060 /* Project object */ = {
			isa = PBXProject;
			attributes = {
				LastSwiftUpdateCheck = 0720;
				LastUpgradeCheck = 0720;
				ORGANIZATIONNAME = "Matt Dickey";
				TargetAttributes = {
					F0C7177C1C628CE10025F060 = {
						CreatedOnToolsVersion = 7.2;
					};
					F0C717901C628CE10025F060 = {
						CreatedOnToolsVersion = 7.2;
						TestTargetID = F0C7177C1C628CE10025F060;
					};
					F0C7179B1C628CE10025F060 = {
						CreatedOnToolsVersion = 7.2;
						TestTargetID = F0C7177C1C628CE10025F060;
					};
				};
			};
			buildConfigurationList = F0C717781C628CE10025F060 /* Build configuration list for PBXProject "Do Date" */;
			compatibilityVersion = "Xcode 3.2";
			developmentRegion = English;
			hasScannedForEncodings = 0;
			knownRegions = (
				en,
				Base,
			);
			mainGroup = F0C717741C628CE10025F060;
			productRefGroup = F0C7177E1C628CE10025F060 /* Products */;
			projectDirPath = "";
			projectRoot = "";
			targets = (
				F0C7177C1C628CE10025F060 /* Do Date */,
				F0C717901C628CE10025F060 /* Do DateTests */,
				F0C7179B1C628CE10025F060 /* Do DateUITests */,
			);
		};
/* End PBXProject section */

/* Begin PBXResourcesBuildPhase section */
		F0C7177B1C628CE10025F060 /* Resources */ = {
			isa = PBXResourcesBuildPhase;
			buildActionMask = 2147483647;
			files = (
				F0C7178B1C628CE10025F060 /* LaunchScreen.storyboard in Resources */,
				F0C717881C628CE10025F060 /* Assets.xcassets in Resources */,
				F0C717861C628CE10025F060 /* Main.storyboard in Resources */,
				F07B8E1D1C667A7B00EB1E1F /* Assignments.plist in Resources */,
			);
			runOnlyForDeploymentPostprocessing = 0;
		};
		F0C7178F1C628CE10025F060 /* Resources */ = {
			isa = PBXResourcesBuildPhase;
			buildActionMask = 2147483647;
			files = (
			);
			runOnlyForDeploymentPostprocessing = 0;
		};
		F0C7179A1C628CE10025F060 /* Resources */ = {
			isa = PBXResourcesBuildPhase;
			buildActionMask = 2147483647;
			files = (
			);
			runOnlyForDeploymentPostprocessing = 0;
		};
/* End PBXResourcesBuildPhase section */

/* Begin PBXSourcesBuildPhase section */
		F0C717791C628CE10025F060 /* Sources */ = {
			isa = PBXSourcesBuildPhase;
			buildActionMask = 2147483647;
			files = (
				F0C717831C628CE10025F060 /* DoDateViewController.swift in Sources */,
				F0C717AF1C6290BD0025F060 /* AddNewViewController.swift in Sources */,
				F0C717811C628CE10025F060 /* AppDelegate.swift in Sources */,
			);
			runOnlyForDeploymentPostprocessing = 0;
		};
		F0C7178D1C628CE10025F060 /* Sources */ = {
			isa = PBXSourcesBuildPhase;
			buildActionMask = 2147483647;
			files = (
				F0C717961C628CE10025F060 /* Do_DateTests.swift in Sources */,
			);
			runOnlyForDeploymentPostprocessing = 0;
		};
		F0C717981C628CE10025F060 /* Sources */ = {
			isa = PBXSourcesBuildPhase;
			buildActionMask = 2147483647;
			files = (
				F0C717A11C628CE10025F060 /* Do_DateUITests.swift in Sources */,
			);
			runOnlyForDeploymentPostprocessing = 0;
		};
/* End PBXSourcesBuildPhase section */

/* Begin PBXTargetDependency section */
		F0C717931C628CE10025F060 /* PBXTargetDependency */ = {
			isa = PBXTargetDependency;
			target = F0C7177C1C628CE10025F060 /* Do Date */;
			targetProxy = F0C717921C628CE10025F060 /* PBXContainerItemProxy */;
		};
		F0C7179E1C628CE10025F060 /* PBXTargetDependency */ = {
			isa = PBXTargetDependency;
			target = F0C7177C1C628CE10025F060 /* Do Date */;
			targetProxy = F0C7179D1C628CE10025F060 /* PBXContainerItemProxy */;
		};
/* End PBXTargetDependency section */

/* Begin PBXVariantGroup section */
		F0C717841C628CE10025F060 /* Main.storyboard */ = {
			isa = PBXVariantGroup;
			children = (
				F0C717851C628CE10025F060 /* Base */,
			);
			name = Main.storyboard;
			sourceTree = "<group>";
		};
		F0C717891C628CE10025F060 /* LaunchScreen.storyboard */ = {
			isa = PBXVariantGroup;
			children = (
				F0C7178A1C628CE10025F060 /* Base */,
			);
			name = LaunchScreen.storyboard;
			sourceTree = "<group>";
		};
/* End PBXVariantGroup section */

/* Begin XCBuildConfiguration section */
		F0C717A31C628CE10025F060 /* Debug */ = {
			isa = XCBuildConfiguration;
			buildSettings = {
				ALWAYS_SEARCH_USER_PATHS = NO;
				CLANG_CXX_LANGUAGE_STANDARD = "gnu++0x";
				CLANG_CXX_LIBRARY = "libc++";
				CLANG_ENABLE_MODULES = YES;
				CLANG_ENABLE_OBJC_ARC = YES;
				CLANG_WARN_BOOL_CONVERSION = YES;
				CLANG_WARN_CONSTANT_CONVERSION = YES;
				CLANG_WARN_DIRECT_OBJC_ISA_USAGE = YES_ERROR;
				CLANG_WARN_EMPTY_BODY = YES;
				CLANG_WARN_ENUM_CONVERSION = YES;
				CLANG_WARN_INT_CONVERSION = YES;
				CLANG_WARN_OBJC_ROOT_CLASS = YES_ERROR;
				CLANG_WARN_UNREACHABLE_CODE = YES;
				CLANG_WARN__DUPLICATE_METHOD_MATCH = YES;
				"CODE_SIGN_IDENTITY[sdk=iphoneos*]" = "iPhone Developer";
				COPY_PHASE_STRIP = NO;
				DEBUG_INFORMATION_FORMAT = dwarf;
				ENABLE_STRICT_OBJC_MSGSEND = YES;
				ENABLE_TESTABILITY = YES;
				GCC_C_LANGUAGE_STANDARD = gnu99;
				GCC_DYNAMIC_NO_PIC = NO;
				GCC_NO_COMMON_BLOCKS = YES;
				GCC_OPTIMIZATION_LEVEL = 0;
				GCC_PREPROCESSOR_DEFINITIONS = (
					"DEBUG=1",
					"$(inherited)",
				);
				GCC_WARN_64_TO_32_BIT_CONVERSION = YES;
				GCC_WARN_ABOUT_RETURN_TYPE = YES_ERROR;
				GCC_WARN_UNDECLARED_SELECTOR = YES;
				GCC_WARN_UNINITIALIZED_AUTOS = YES_AGGRESSIVE;
				GCC_WARN_UNUSED_FUNCTION = YES;
				GCC_WARN_UNUSED_VARIABLE = YES;
				IPHONEOS_DEPLOYMENT_TARGET = 9.2;
				MTL_ENABLE_DEBUG_INFO = YES;
				ONLY_ACTIVE_ARCH = YES;
				SDKROOT = iphoneos;
				SWIFT_OPTIMIZATION_LEVEL = "-Onone";
			};
			name = Debug;
		};
		F0C717A41C628CE10025F060 /* Release */ = {
			isa = XCBuildConfiguration;
			buildSettings = {
				ALWAYS_SEARCH_USER_PATHS = NO;
				CLANG_CXX_LANGUAGE_STANDARD = "gnu++0x";
				CLANG_CXX_LIBRARY = "libc++";
				CLANG_ENABLE_MODULES = YES;
				CLANG_ENABLE_OBJC_ARC = YES;
				CLANG_WARN_BOOL_CONVERSION = YES;
				CLANG_WARN_CONSTANT_CONVERSION = YES;
				CLANG_WARN_DIRECT_OBJC_ISA_USAGE = YES_ERROR;
				CLANG_WARN_EMPTY_BODY = YES;
				CLANG_WARN_ENUM_CONVERSION = YES;
				CLANG_WARN_INT_CONVERSION = YES;
				CLANG_WARN_OBJC_ROOT_CLASS = YES_ERROR;
				CLANG_WARN_UNREACHABLE_CODE = YES;
				CLANG_WARN__DUPLICATE_METHOD_MATCH = YES;
				"CODE_SIGN_IDENTITY[sdk=iphoneos*]" = "iPhone Developer";
				COPY_PHASE_STRIP = NO;
				DEBUG_INFORMATION_FORMAT = "dwarf-with-dsym";
				ENABLE_NS_ASSERTIONS = NO;
				ENABLE_STRICT_OBJC_MSGSEND = YES;
				GCC_C_LANGUAGE_STANDARD = gnu99;
				GCC_NO_COMMON_BLOCKS = YES;
				GCC_WARN_64_TO_32_BIT_CONVERSION = YES;
				GCC_WARN_ABOUT_RETURN_TYPE = YES_ERROR;
				GCC_WARN_UNDECLARED_SELECTOR = YES;
				GCC_WARN_UNINITIALIZED_AUTOS = YES_AGGRESSIVE;
				GCC_WARN_UNUSED_FUNCTION = YES;
				GCC_WARN_UNUSED_VARIABLE = YES;
				IPHONEOS_DEPLOYMENT_TARGET = 9.2;
				MTL_ENABLE_DEBUG_INFO = NO;
				SDKROOT = iphoneos;
				VALIDATE_PRODUCT = YES;
			};
			name = Release;
		};
		F0C717A61C628CE10025F060 /* Debug */ = {
			isa = XCBuildConfiguration;
			buildSettings = {
				ASSETCATALOG_COMPILER_APPICON_NAME = AppIcon;
				INFOPLIST_FILE = "Do Date/Info.plist";
				IPHONEOS_DEPLOYMENT_TARGET = 9.0;
				LD_RUNPATH_SEARCH_PATHS = "$(inherited) @executable_path/Frameworks";
				PRODUCT_BUNDLE_IDENTIFIER = "com.mattdickeydesign.Do-Date";
				PRODUCT_NAME = "$(TARGET_NAME)";
			};
			name = Debug;
		};
		F0C717A71C628CE10025F060 /* Release */ = {
			isa = XCBuildConfiguration;
			buildSettings = {
				ASSETCATALOG_COMPILER_APPICON_NAME = AppIcon;
				INFOPLIST_FILE = "Do Date/Info.plist";
				IPHONEOS_DEPLOYMENT_TARGET = 9.0;
				LD_RUNPATH_SEARCH_PATHS = "$(inherited) @executable_path/Frameworks";
				PRODUCT_BUNDLE_IDENTIFIER = "com.mattdickeydesign.Do-Date";
				PRODUCT_NAME = "$(TARGET_NAME)";
			};
			name = Release;
		};
		F0C717A91C628CE10025F060 /* Debug */ = {
			isa = XCBuildConfiguration;
			buildSettings = {
				BUNDLE_LOADER = "$(TEST_HOST)";
				INFOPLIST_FILE = "Do DateTests/Info.plist";
				LD_RUNPATH_SEARCH_PATHS = "$(inherited) @executable_path/Frameworks @loader_path/Frameworks";
				PRODUCT_BUNDLE_IDENTIFIER = "com.mattdickeydesign.Do-DateTests";
				PRODUCT_NAME = "$(TARGET_NAME)";
				TEST_HOST = "$(BUILT_PRODUCTS_DIR)/Do Date.app/Do Date";
			};
			name = Debug;
		};
		F0C717AA1C628CE10025F060 /* Release */ = {
			isa = XCBuildConfiguration;
			buildSettings = {
				BUNDLE_LOADER = "$(TEST_HOST)";
				INFOPLIST_FILE = "Do DateTests/Info.plist";
				LD_RUNPATH_SEARCH_PATHS = "$(inherited) @executable_path/Frameworks @loader_path/Frameworks";
				PRODUCT_BUNDLE_IDENTIFIER = "com.mattdickeydesign.Do-DateTests";
				PRODUCT_NAME = "$(TARGET_NAME)";
				TEST_HOST = "$(BUILT_PRODUCTS_DIR)/Do Date.app/Do Date";
			};
			name = Release;
		};
		F0C717AC1C628CE10025F060 /* Debug */ = {
			isa = XCBuildConfiguration;
			buildSettings = {
				INFOPLIST_FILE = "Do DateUITests/Info.plist";
				LD_RUNPATH_SEARCH_PATHS = "$(inherited) @executable_path/Frameworks @loader_path/Frameworks";
				PRODUCT_BUNDLE_IDENTIFIER = "com.mattdickeydesign.Do-DateUITests";
				PRODUCT_NAME = "$(TARGET_NAME)";
				TEST_TARGET_NAME = "Do Date";
				USES_XCTRUNNER = YES;
			};
			name = Debug;
		};
		F0C717AD1C628CE10025F060 /* Release */ = {
			isa = XCBuildConfiguration;
			buildSettings = {
				INFOPLIST_FILE = "Do DateUITests/Info.plist";
				LD_RUNPATH_SEARCH_PATHS = "$(inherited) @executable_path/Frameworks @loader_path/Frameworks";
				PRODUCT_BUNDLE_IDENTIFIER = "com.mattdickeydesign.Do-DateUITests";
				PRODUCT_NAME = "$(TARGET_NAME)";
				TEST_TARGET_NAME = "Do Date";
				USES_XCTRUNNER = YES;
			};
			name = Release;
		};
/* End XCBuildConfiguration section */

/* Begin XCConfigurationList section */
		F0C717781C628CE10025F060 /* Build configuration list for PBXProject "Do Date" */ = {
			isa = XCConfigurationList;
			buildConfigurations = (
				F0C717A31C628CE10025F060 /* Debug */,
				F0C717A41C628CE10025F060 /* Release */,
			);
			defaultConfigurationIsVisible = 0;
			defaultConfigurationName = Release;
		};
		F0C717A51C628CE10025F060 /* Build configuration list for PBXNativeTarget "Do Date" */ = {
			isa = XCConfigurationList;
			buildConfigurations = (
				F0C717A61C628CE10025F060 /* Debug */,
				F0C717A71C628CE10025F060 /* Release */,
			);
			defaultConfigurationIsVisible = 0;
			defaultConfigurationName = Release;
		};
		F0C717A81C628CE10025F060 /* Build configuration list for PBXNativeTarget "Do DateTests" */ = {
			isa = XCConfigurationList;
			buildConfigurations = (
				F0C717A91C628CE10025F060 /* Debug */,
				F0C717AA1C628CE10025F060 /* Release */,
			);
			defaultConfigurationIsVisible = 0;
			defaultConfigurationName = Release;
		};
		F0C717AB1C628CE10025F060 /* Build configuration list for PBXNativeTarget "Do DateUITests" */ = {
			isa = XCConfigurationList;
			buildConfigurations = (
				F0C717AC1C628CE10025F060 /* Debug */,
				F0C717AD1C628CE10025F060 /* Release */,
			);
			defaultConfigurationIsVisible = 0;
			defaultConfigurationName = Release;
		};
/* End XCConfigurationList section */
	};
	rootObject = F0C717751C628CE10025F060 /* Project object */;
}
