// !$*UTF8*$!
{
	archiveVersion = 1;
	classes = {
	};
	objectVersion = 46;
	objects = {

/* Begin PBXBuildFile section */
		F0604BFF1C9864F300B93706 /* AppDelegate.swift in Sources */ = {isa = PBXBuildFile; fileRef = F0604BFE1C9864F300B93706 /* AppDelegate.swift */; };
		F0604C011C9864F300B93706 /* MasterViewController.swift in Sources */ = {isa = PBXBuildFile; fileRef = F0604C001C9864F300B93706 /* MasterViewController.swift */; };
		F0604C031C9864F300B93706 /* DetailViewController.swift in Sources */ = {isa = PBXBuildFile; fileRef = F0604C021C9864F300B93706 /* DetailViewController.swift */; };
		F0604C061C9864F300B93706 /* Main.storyboard in Resources */ = {isa = PBXBuildFile; fileRef = F0604C041C9864F300B93706 /* Main.storyboard */; };
		F0604C081C9864F300B93706 /* Assets.xcassets in Resources */ = {isa = PBXBuildFile; fileRef = F0604C071C9864F300B93706 /* Assets.xcassets */; };
		F0604C0B1C9864F300B93706 /* LaunchScreen.storyboard in Resources */ = {isa = PBXBuildFile; fileRef = F0604C091C9864F300B93706 /* LaunchScreen.storyboard */; };
		F0604C161C9864F300B93706 /* PetitionTests.swift in Sources */ = {isa = PBXBuildFile; fileRef = F0604C151C9864F300B93706 /* PetitionTests.swift */; };
		F0604C211C9864F300B93706 /* PetitionUITests.swift in Sources */ = {isa = PBXBuildFile; fileRef = F0604C201C9864F300B93706 /* PetitionUITests.swift */; };
/* End PBXBuildFile section */

/* Begin PBXContainerItemProxy section */
		F0604C121C9864F300B93706 /* PBXContainerItemProxy */ = {
			isa = PBXContainerItemProxy;
			containerPortal = F0604BF31C9864F300B93706 /* Project object */;
			proxyType = 1;
			remoteGlobalIDString = F0604BFA1C9864F300B93706;
			remoteInfo = Petition;
		};
		F0604C1D1C9864F300B93706 /* PBXContainerItemProxy */ = {
			isa = PBXContainerItemProxy;
			containerPortal = F0604BF31C9864F300B93706 /* Project object */;
			proxyType = 1;
			remoteGlobalIDString = F0604BFA1C9864F300B93706;
			remoteInfo = Petition;
		};
/* End PBXContainerItemProxy section */

/* Begin PBXFileReference section */
		F0604BFB1C9864F300B93706 /* Petition.app */ = {isa = PBXFileReference; explicitFileType = wrapper.application; includeInIndex = 0; path = Petition.app; sourceTree = BUILT_PRODUCTS_DIR; };
		F0604BFE1C9864F300B93706 /* AppDelegate.swift */ = {isa = PBXFileReference; lastKnownFileType = sourcecode.swift; path = AppDelegate.swift; sourceTree = "<group>"; };
		F0604C001C9864F300B93706 /* MasterViewController.swift */ = {isa = PBXFileReference; lastKnownFileType = sourcecode.swift; path = MasterViewController.swift; sourceTree = "<group>"; };
		F0604C021C9864F300B93706 /* DetailViewController.swift */ = {isa = PBXFileReference; lastKnownFileType = sourcecode.swift; path = DetailViewController.swift; sourceTree = "<group>"; };
		F0604C051C9864F300B93706 /* Base */ = {isa = PBXFileReference; lastKnownFileType = file.storyboard; name = Base; path = Base.lproj/Main.storyboard; sourceTree = "<group>"; };
		F0604C071C9864F300B93706 /* Assets.xcassets */ = {isa = PBXFileReference; lastKnownFileType = folder.assetcatalog; path = Assets.xcassets; sourceTree = "<group>"; };
		F0604C0A1C9864F300B93706 /* Base */ = {isa = PBXFileReference; lastKnownFileType = file.storyboard; name = Base; path = Base.lproj/LaunchScreen.storyboard; sourceTree = "<group>"; };
		F0604C0C1C9864F300B93706 /* Info.plist */ = {isa = PBXFileReference; lastKnownFileType = text.plist.xml; path = Info.plist; sourceTree = "<group>"; };
		F0604C111C9864F300B93706 /* PetitionTests.xctest */ = {isa = PBXFileReference; explicitFileType = wrapper.cfbundle; includeInIndex = 0; path = PetitionTests.xctest; sourceTree = BUILT_PRODUCTS_DIR; };
		F0604C151C9864F300B93706 /* PetitionTests.swift */ = {isa = PBXFileReference; lastKnownFileType = sourcecode.swift; path = PetitionTests.swift; sourceTree = "<group>"; };
		F0604C171C9864F300B93706 /* Info.plist */ = {isa = PBXFileReference; lastKnownFileType = text.plist.xml; path = Info.plist; sourceTree = "<group>"; };
		F0604C1C1C9864F300B93706 /* PetitionUITests.xctest */ = {isa = PBXFileReference; explicitFileType = wrapper.cfbundle; includeInIndex = 0; path = PetitionUITests.xctest; sourceTree = BUILT_PRODUCTS_DIR; };
		F0604C201C9864F300B93706 /* PetitionUITests.swift */ = {isa = PBXFileReference; lastKnownFileType = sourcecode.swift; path = PetitionUITests.swift; sourceTree = "<group>"; };
		F0604C221C9864F300B93706 /* Info.plist */ = {isa = PBXFileReference; lastKnownFileType = text.plist.xml; path = Info.plist; sourceTree = "<group>"; };
/* End PBXFileReference section */

/* Begin PBXFrameworksBuildPhase section */
		F0604BF81C9864F300B93706 /* Frameworks */ = {
			isa = PBXFrameworksBuildPhase;
			buildActionMask = 2147483647;
			files = (
			);
			runOnlyForDeploymentPostprocessing = 0;
		};
		F0604C0E1C9864F300B93706 /* Frameworks */ = {
			isa = PBXFrameworksBuildPhase;
			buildActionMask = 2147483647;
			files = (
			);
			runOnlyForDeploymentPostprocessing = 0;
		};
		F0604C191C9864F300B93706 /* Frameworks */ = {
			isa = PBXFrameworksBuildPhase;
			buildActionMask = 2147483647;
			files = (
			);
			runOnlyForDeploymentPostprocessing = 0;
		};
/* End PBXFrameworksBuildPhase section */

/* Begin PBXGroup section */
		F0604BF21C9864F200B93706 = {
			isa = PBXGroup;
			children = (
				F0604BFD1C9864F300B93706 /* Petition */,
				F0604C141C9864F300B93706 /* PetitionTests */,
				F0604C1F1C9864F300B93706 /* PetitionUITests */,
				F0604BFC1C9864F300B93706 /* Products */,
			);
			sourceTree = "<group>";
		};
		F0604BFC1C9864F300B93706 /* Products */ = {
			isa = PBXGroup;
			children = (
				F0604BFB1C9864F300B93706 /* Petition.app */,
				F0604C111C9864F300B93706 /* PetitionTests.xctest */,
				F0604C1C1C9864F300B93706 /* PetitionUITests.xctest */,
			);
			name = Products;
			sourceTree = "<group>";
		};
		F0604BFD1C9864F300B93706 /* Petition */ = {
			isa = PBXGroup;
			children = (
				F0604BFE1C9864F300B93706 /* AppDelegate.swift */,
				F0604C001C9864F300B93706 /* MasterViewController.swift */,
				F0604C021C9864F300B93706 /* DetailViewController.swift */,
				F0604C041C9864F300B93706 /* Main.storyboard */,
				F0604C071C9864F300B93706 /* Assets.xcassets */,
				F0604C091C9864F300B93706 /* LaunchScreen.storyboard */,
				F0604C0C1C9864F300B93706 /* Info.plist */,
			);
			path = Petition;
			sourceTree = "<group>";
		};
		F0604C141C9864F300B93706 /* PetitionTests */ = {
			isa = PBXGroup;
			children = (
				F0604C151C9864F300B93706 /* PetitionTests.swift */,
				F0604C171C9864F300B93706 /* Info.plist */,
			);
			path = PetitionTests;
			sourceTree = "<group>";
		};
		F0604C1F1C9864F300B93706 /* PetitionUITests */ = {
			isa = PBXGroup;
			children = (
				F0604C201C9864F300B93706 /* PetitionUITests.swift */,
				F0604C221C9864F300B93706 /* Info.plist */,
			);
			path = PetitionUITests;
			sourceTree = "<group>";
		};
/* End PBXGroup section */

/* Begin PBXNativeTarget section */
		F0604BFA1C9864F300B93706 /* Petition */ = {
			isa = PBXNativeTarget;
			buildConfigurationList = F0604C251C9864F300B93706 /* Build configuration list for PBXNativeTarget "Petition" */;
			buildPhases = (
				F0604BF71C9864F300B93706 /* Sources */,
				F0604BF81C9864F300B93706 /* Frameworks */,
				F0604BF91C9864F300B93706 /* Resources */,
			);
			buildRules = (
			);
			dependencies = (
			);
			name = Petition;
			productName = Petition;
			productReference = F0604BFB1C9864F300B93706 /* Petition.app */;
			productType = "com.apple.product-type.application";
		};
		F0604C101C9864F300B93706 /* PetitionTests */ = {
			isa = PBXNativeTarget;
			buildConfigurationList = F0604C281C9864F300B93706 /* Build configuration list for PBXNativeTarget "PetitionTests" */;
			buildPhases = (
				F0604C0D1C9864F300B93706 /* Sources */,
				F0604C0E1C9864F300B93706 /* Frameworks */,
				F0604C0F1C9864F300B93706 /* Resources */,
			);
			buildRules = (
			);
			dependencies = (
				F0604C131C9864F300B93706 /* PBXTargetDependency */,
			);
			name = PetitionTests;
			productName = PetitionTests;
			productReference = F0604C111C9864F300B93706 /* PetitionTests.xctest */;
			productType = "com.apple.product-type.bundle.unit-test";
		};
		F0604C1B1C9864F300B93706 /* PetitionUITests */ = {
			isa = PBXNativeTarget;
			buildConfigurationList = F0604C2B1C9864F300B93706 /* Build configuration list for PBXNativeTarget "PetitionUITests" */;
			buildPhases = (
				F0604C181C9864F300B93706 /* Sources */,
				F0604C191C9864F300B93706 /* Frameworks */,
				F0604C1A1C9864F300B93706 /* Resources */,
			);
			buildRules = (
			);
			dependencies = (
				F0604C1E1C9864F300B93706 /* PBXTargetDependency */,
			);
			name = PetitionUITests;
			productName = PetitionUITests;
			productReference = F0604C1C1C9864F300B93706 /* PetitionUITests.xctest */;
			productType = "com.apple.product-type.bundle.ui-testing";
		};
/* End PBXNativeTarget section */

/* Begin PBXProject section */
		F0604BF31C9864F300B93706 /* Project object */ = {
			isa = PBXProject;
			attributes = {
				LastSwiftUpdateCheck = 0720;
				LastUpgradeCheck = 0720;
				ORGANIZATIONNAME = "Matt Dickey";
				TargetAttributes = {
					F0604BFA1C9864F300B93706 = {
						CreatedOnToolsVersion = 7.2.1;
					};
					F0604C101C9864F300B93706 = {
						CreatedOnToolsVersion = 7.2.1;
						TestTargetID = F0604BFA1C9864F300B93706;
					};
					F0604C1B1C9864F300B93706 = {
						CreatedOnToolsVersion = 7.2.1;
						TestTargetID = F0604BFA1C9864F300B93706;
					};
				};
			};
			buildConfigurationList = F0604BF61C9864F300B93706 /* Build configuration list for PBXProject "Petition" */;
			compatibilityVersion = "Xcode 3.2";
			developmentRegion = English;
			hasScannedForEncodings = 0;
			knownRegions = (
				en,
				Base,
			);
			mainGroup = F0604BF21C9864F200B93706;
			productRefGroup = F0604BFC1C9864F300B93706 /* Products */;
			projectDirPath = "";
			projectRoot = "";
			targets = (
				F0604BFA1C9864F300B93706 /* Petition */,
				F0604C101C9864F300B93706 /* PetitionTests */,
				F0604C1B1C9864F300B93706 /* PetitionUITests */,
			);
		};
/* End PBXProject section */

/* Begin PBXResourcesBuildPhase section */
		F0604BF91C9864F300B93706 /* Resources */ = {
			isa = PBXResourcesBuildPhase;
			buildActionMask = 2147483647;
			files = (
				F0604C0B1C9864F300B93706 /* LaunchScreen.storyboard in Resources */,
				F0604C081C9864F300B93706 /* Assets.xcassets in Resources */,
				F0604C061C9864F300B93706 /* Main.storyboard in Resources */,
			);
			runOnlyForDeploymentPostprocessing = 0;
		};
		F0604C0F1C9864F300B93706 /* Resources */ = {
			isa = PBXResourcesBuildPhase;
			buildActionMask = 2147483647;
			files = (
			);
			runOnlyForDeploymentPostprocessing = 0;
		};
		F0604C1A1C9864F300B93706 /* Resources */ = {
			isa = PBXResourcesBuildPhase;
			buildActionMask = 2147483647;
			files = (
			);
			runOnlyForDeploymentPostprocessing = 0;
		};
/* End PBXResourcesBuildPhase section */

/* Begin PBXSourcesBuildPhase section */
		F0604BF71C9864F300B93706 /* Sources */ = {
			isa = PBXSourcesBuildPhase;
			buildActionMask = 2147483647;
			files = (
				F0604C031C9864F300B93706 /* DetailViewController.swift in Sources */,
				F0604C011C9864F300B93706 /* MasterViewController.swift in Sources */,
				F0604BFF1C9864F300B93706 /* AppDelegate.swift in Sources */,
			);
			runOnlyForDeploymentPostprocessing = 0;
		};
		F0604C0D1C9864F300B93706 /* Sources */ = {
			isa = PBXSourcesBuildPhase;
			buildActionMask = 2147483647;
			files = (
				F0604C161C9864F300B93706 /* PetitionTests.swift in Sources */,
			);
			runOnlyForDeploymentPostprocessing = 0;
		};
		F0604C181C9864F300B93706 /* Sources */ = {
			isa = PBXSourcesBuildPhase;
			buildActionMask = 2147483647;
			files = (
				F0604C211C9864F300B93706 /* PetitionUITests.swift in Sources */,
			);
			runOnlyForDeploymentPostprocessing = 0;
		};
/* End PBXSourcesBuildPhase section */

/* Begin PBXTargetDependency section */
		F0604C131C9864F300B93706 /* PBXTargetDependency */ = {
			isa = PBXTargetDependency;
			target = F0604BFA1C9864F300B93706 /* Petition */;
			targetProxy = F0604C121C9864F300B93706 /* PBXContainerItemProxy */;
		};
		F0604C1E1C9864F300B93706 /* PBXTargetDependency */ = {
			isa = PBXTargetDependency;
			target = F0604BFA1C9864F300B93706 /* Petition */;
			targetProxy = F0604C1D1C9864F300B93706 /* PBXContainerItemProxy */;
		};
/* End PBXTargetDependency section */

/* Begin PBXVariantGroup section */
		F0604C041C9864F300B93706 /* Main.storyboard */ = {
			isa = PBXVariantGroup;
			children = (
				F0604C051C9864F300B93706 /* Base */,
			);
			name = Main.storyboard;
			sourceTree = "<group>";
		};
		F0604C091C9864F300B93706 /* LaunchScreen.storyboard */ = {
			isa = PBXVariantGroup;
			children = (
				F0604C0A1C9864F300B93706 /* Base */,
			);
			name = LaunchScreen.storyboard;
			sourceTree = "<group>";
		};
/* End PBXVariantGroup section */

/* Begin XCBuildConfiguration section */
		F0604C231C9864F300B93706 /* Debug */ = {
			isa = XCBuildConfiguration;
			buildSettings = {
				ALWAYS_SEARCH_USER_PATHS = NO;
				CLANG_CXX_LANGUAGE_STANDARD = "gnu++0x";
				CLANG_CXX_LIBRARY = "libc++";
				CLANG_ENABLE_MODULES = YES;
				CLANG_ENABLE_OBJC_ARC = YES;
				CLANG_WARN_BOOL_CONVERSION = YES;
				CLANG_WARN_CONSTANT_CONVERSION = YES;
				CLANG_WARN_DIRECT_OBJC_ISA_USAGE = YES_ERROR;
				CLANG_WARN_EMPTY_BODY = YES;
				CLANG_WARN_ENUM_CONVERSION = YES;
				CLANG_WARN_INT_CONVERSION = YES;
				CLANG_WARN_OBJC_ROOT_CLASS = YES_ERROR;
				CLANG_WARN_UNREACHABLE_CODE = YES;
				CLANG_WARN__DUPLICATE_METHOD_MATCH = YES;
				"CODE_SIGN_IDENTITY[sdk=iphoneos*]" = "iPhone Developer";
				COPY_PHASE_STRIP = NO;
				DEBUG_INFORMATION_FORMAT = dwarf;
				ENABLE_STRICT_OBJC_MSGSEND = YES;
				ENABLE_TESTABILITY = YES;
				GCC_C_LANGUAGE_STANDARD = gnu99;
				GCC_DYNAMIC_NO_PIC = NO;
				GCC_NO_COMMON_BLOCKS = YES;
				GCC_OPTIMIZATION_LEVEL = 0;
				GCC_PREPROCESSOR_DEFINITIONS = (
					"DEBUG=1",
					"$(inherited)",
				);
				GCC_WARN_64_TO_32_BIT_CONVERSION = YES;
				GCC_WARN_ABOUT_RETURN_TYPE = YES_ERROR;
				GCC_WARN_UNDECLARED_SELECTOR = YES;
				GCC_WARN_UNINITIALIZED_AUTOS = YES_AGGRESSIVE;
				GCC_WARN_UNUSED_FUNCTION = YES;
				GCC_WARN_UNUSED_VARIABLE = YES;
				IPHONEOS_DEPLOYMENT_TARGET = 9.2;
				MTL_ENABLE_DEBUG_INFO = YES;
				ONLY_ACTIVE_ARCH = YES;
				SDKROOT = iphoneos;
				SWIFT_OPTIMIZATION_LEVEL = "-Onone";
			};
			name = Debug;
		};
		F0604C241C9864F300B93706 /* Release */ = {
			isa = XCBuildConfiguration;
			buildSettings = {
				ALWAYS_SEARCH_USER_PATHS = NO;
				CLANG_CXX_LANGUAGE_STANDARD = "gnu++0x";
				CLANG_CXX_LIBRARY = "libc++";
				CLANG_ENABLE_MODULES = YES;
				CLANG_ENABLE_OBJC_ARC = YES;
				CLANG_WARN_BOOL_CONVERSION = YES;
				CLANG_WARN_CONSTANT_CONVERSION = YES;
				CLANG_WARN_DIRECT_OBJC_ISA_USAGE = YES_ERROR;
				CLANG_WARN_EMPTY_BODY = YES;
				CLANG_WARN_ENUM_CONVERSION = YES;
				CLANG_WARN_INT_CONVERSION = YES;
				CLANG_WARN_OBJC_ROOT_CLASS = YES_ERROR;
				CLANG_WARN_UNREACHABLE_CODE = YES;
				CLANG_WARN__DUPLICATE_METHOD_MATCH = YES;
				"CODE_SIGN_IDENTITY[sdk=iphoneos*]" = "iPhone Developer";
				COPY_PHASE_STRIP = NO;
				DEBUG_INFORMATION_FORMAT = "dwarf-with-dsym";
				ENABLE_NS_ASSERTIONS = NO;
				ENABLE_STRICT_OBJC_MSGSEND = YES;
				GCC_C_LANGUAGE_STANDARD = gnu99;
				GCC_NO_COMMON_BLOCKS = YES;
				GCC_WARN_64_TO_32_BIT_CONVERSION = YES;
				GCC_WARN_ABOUT_RETURN_TYPE = YES_ERROR;
				GCC_WARN_UNDECLARED_SELECTOR = YES;
				GCC_WARN_UNINITIALIZED_AUTOS = YES_AGGRESSIVE;
				GCC_WARN_UNUSED_FUNCTION = YES;
				GCC_WARN_UNUSED_VARIABLE = YES;
				IPHONEOS_DEPLOYMENT_TARGET = 9.2;
				MTL_ENABLE_DEBUG_INFO = NO;
				SDKROOT = iphoneos;
				VALIDATE_PRODUCT = YES;
			};
			name = Release;
		};
		F0604C261C9864F300B93706 /* Debug */ = {
			isa = XCBuildConfiguration;
			buildSettings = {
				ASSETCATALOG_COMPILER_APPICON_NAME = AppIcon;
				INFOPLIST_FILE = Petition/Info.plist;
				LD_RUNPATH_SEARCH_PATHS = "$(inherited) @executable_path/Frameworks";
				PRODUCT_BUNDLE_IDENTIFIER = com.mattdickeydesign.Petition;
				PRODUCT_NAME = "$(TARGET_NAME)";
			};
			name = Debug;
		};
		F0604C271C9864F300B93706 /* Release */ = {
			isa = XCBuildConfiguration;
			buildSettings = {
				ASSETCATALOG_COMPILER_APPICON_NAME = AppIcon;
				INFOPLIST_FILE = Petition/Info.plist;
				LD_RUNPATH_SEARCH_PATHS = "$(inherited) @executable_path/Frameworks";
				PRODUCT_BUNDLE_IDENTIFIER = com.mattdickeydesign.Petition;
				PRODUCT_NAME = "$(TARGET_NAME)";
			};
			name = Release;
		};
		F0604C291C9864F300B93706 /* Debug */ = {
			isa = XCBuildConfiguration;
			buildSettings = {
				BUNDLE_LOADER = "$(TEST_HOST)";
				INFOPLIST_FILE = PetitionTests/Info.plist;
				LD_RUNPATH_SEARCH_PATHS = "$(inherited) @executable_path/Frameworks @loader_path/Frameworks";
				PRODUCT_BUNDLE_IDENTIFIER = com.mattdickeydesign.PetitionTests;
				PRODUCT_NAME = "$(TARGET_NAME)";
				TEST_HOST = "$(BUILT_PRODUCTS_DIR)/Petition.app/Petition";
			};
			name = Debug;
		};
		F0604C2A1C9864F300B93706 /* Release */ = {
			isa = XCBuildConfiguration;
			buildSettings = {
				BUNDLE_LOADER = "$(TEST_HOST)";
				INFOPLIST_FILE = PetitionTests/Info.plist;
				LD_RUNPATH_SEARCH_PATHS = "$(inherited) @executable_path/Frameworks @loader_path/Frameworks";
				PRODUCT_BUNDLE_IDENTIFIER = com.mattdickeydesign.PetitionTests;
				PRODUCT_NAME = "$(TARGET_NAME)";
				TEST_HOST = "$(BUILT_PRODUCTS_DIR)/Petition.app/Petition";
			};
			name = Release;
		};
		F0604C2C1C9864F300B93706 /* Debug */ = {
			isa = XCBuildConfiguration;
			buildSettings = {
				INFOPLIST_FILE = PetitionUITests/Info.plist;
				LD_RUNPATH_SEARCH_PATHS = "$(inherited) @executable_path/Frameworks @loader_path/Frameworks";
				PRODUCT_BUNDLE_IDENTIFIER = com.mattdickeydesign.PetitionUITests;
				PRODUCT_NAME = "$(TARGET_NAME)";
				TEST_TARGET_NAME = Petition;
				USES_XCTRUNNER = YES;
			};
			name = Debug;
		};
		F0604C2D1C9864F300B93706 /* Release */ = {
			isa = XCBuildConfiguration;
			buildSettings = {
				INFOPLIST_FILE = PetitionUITests/Info.plist;
				LD_RUNPATH_SEARCH_PATHS = "$(inherited) @executable_path/Frameworks @loader_path/Frameworks";
				PRODUCT_BUNDLE_IDENTIFIER = com.mattdickeydesign.PetitionUITests;
				PRODUCT_NAME = "$(TARGET_NAME)";
				TEST_TARGET_NAME = Petition;
				USES_XCTRUNNER = YES;
			};
			name = Release;
		};
/* End XCBuildConfiguration section */

/* Begin XCConfigurationList section */
		F0604BF61C9864F300B93706 /* Build configuration list for PBXProject "Petition" */ = {
			isa = XCConfigurationList;
			buildConfigurations = (
				F0604C231C9864F300B93706 /* Debug */,
				F0604C241C9864F300B93706 /* Release */,
			);
			defaultConfigurationIsVisible = 0;
			defaultConfigurationName = Release;
		};
		F0604C251C9864F300B93706 /* Build configuration list for PBXNativeTarget "Petition" */ = {
			isa = XCConfigurationList;
			buildConfigurations = (
				F0604C261C9864F300B93706 /* Debug */,
				F0604C271C9864F300B93706 /* Release */,
			);
			defaultConfigurationIsVisible = 0;
		};
		F0604C281C9864F300B93706 /* Build configuration list for PBXNativeTarget "PetitionTests" */ = {
			isa = XCConfigurationList;
			buildConfigurations = (
				F0604C291C9864F300B93706 /* Debug */,
				F0604C2A1C9864F300B93706 /* Release */,
			);
			defaultConfigurationIsVisible = 0;
		};
		F0604C2B1C9864F300B93706 /* Build configuration list for PBXNativeTarget "PetitionUITests" */ = {
			isa = XCConfigurationList;
			buildConfigurations = (
				F0604C2C1C9864F300B93706 /* Debug */,
				F0604C2D1C9864F300B93706 /* Release */,
			);
			defaultConfigurationIsVisible = 0;
		};
/* End XCConfigurationList section */
	};
	rootObject = F0604BF31C9864F300B93706 /* Project object */;
}
