// !$*UTF8*$!
{
	archiveVersion = 1;
	classes = {
	};
	objectVersion = 46;
	objects = {

/* Begin PBXBuildFile section */
		F0684A8F1CB08F26007E104A /* InitialTableViewController.swift in Sources */ = {isa = PBXBuildFile; fileRef = F0684A8E1CB08F26007E104A /* InitialTableViewController.swift */; };
		F0684A921CB08FF9007E104A /* Alamofire.framework in Frameworks */ = {isa = PBXBuildFile; fileRef = F0684A901CB08FF9007E104A /* Alamofire.framework */; };
		F0684A931CB08FF9007E104A /* Alamofire.framework in Embed Frameworks */ = {isa = PBXBuildFile; fileRef = F0684A901CB08FF9007E104A /* Alamofire.framework */; settings = {ATTRIBUTES = (CodeSignOnCopy, RemoveHeadersOnCopy, ); }; };
		F0684A941CB08FF9007E104A /* SwiftyJSON.framework in Frameworks */ = {isa = PBXBuildFile; fileRef = F0684A911CB08FF9007E104A /* SwiftyJSON.framework */; };
		F0684A951CB08FF9007E104A /* SwiftyJSON.framework in Embed Frameworks */ = {isa = PBXBuildFile; fileRef = F0684A911CB08FF9007E104A /* SwiftyJSON.framework */; settings = {ATTRIBUTES = (CodeSignOnCopy, RemoveHeadersOnCopy, ); }; };
		F0684A981CB0985B007E104A /* Images.xcassets in Resources */ = {isa = PBXBuildFile; fileRef = F0684A971CB0985B007E104A /* Images.xcassets */; };
		F0B487051CB08ACA009AE52B /* AppDelegate.swift in Sources */ = {isa = PBXBuildFile; fileRef = F0B487041CB08ACA009AE52B /* AppDelegate.swift */; };
		F0B4870A1CB08ACA009AE52B /* Main.storyboard in Resources */ = {isa = PBXBuildFile; fileRef = F0B487081CB08ACA009AE52B /* Main.storyboard */; };
		F0B4870F1CB08ACA009AE52B /* LaunchScreen.storyboard in Resources */ = {isa = PBXBuildFile; fileRef = F0B4870D1CB08ACA009AE52B /* LaunchScreen.storyboard */; };
		F0B4871A1CB08ACA009AE52B /* Celeb_Phone_BookTests.swift in Sources */ = {isa = PBXBuildFile; fileRef = F0B487191CB08ACA009AE52B /* Celeb_Phone_BookTests.swift */; };
		F0B487251CB08ACA009AE52B /* Celeb_Phone_BookUITests.swift in Sources */ = {isa = PBXBuildFile; fileRef = F0B487241CB08ACA009AE52B /* Celeb_Phone_BookUITests.swift */; };
/* End PBXBuildFile section */

/* Begin PBXContainerItemProxy section */
		F0B487161CB08ACA009AE52B /* PBXContainerItemProxy */ = {
			isa = PBXContainerItemProxy;
			containerPortal = F0B486F91CB08ACA009AE52B /* Project object */;
			proxyType = 1;
			remoteGlobalIDString = F0B487001CB08ACA009AE52B;
			remoteInfo = "Celeb Phone Book";
		};
		F0B487211CB08ACA009AE52B /* PBXContainerItemProxy */ = {
			isa = PBXContainerItemProxy;
			containerPortal = F0B486F91CB08ACA009AE52B /* Project object */;
			proxyType = 1;
			remoteGlobalIDString = F0B487001CB08ACA009AE52B;
			remoteInfo = "Celeb Phone Book";
		};
/* End PBXContainerItemProxy section */

/* Begin PBXCopyFilesBuildPhase section */
		F0684A961CB08FF9007E104A /* Embed Frameworks */ = {
			isa = PBXCopyFilesBuildPhase;
			buildActionMask = 2147483647;
			dstPath = "";
			dstSubfolderSpec = 10;
			files = (
				F0684A951CB08FF9007E104A /* SwiftyJSON.framework in Embed Frameworks */,
				F0684A931CB08FF9007E104A /* Alamofire.framework in Embed Frameworks */,
			);
			name = "Embed Frameworks";
			runOnlyForDeploymentPostprocessing = 0;
		};
/* End PBXCopyFilesBuildPhase section */

/* Begin PBXFileReference section */
		F0684A8E1CB08F26007E104A /* InitialTableViewController.swift */ = {isa = PBXFileReference; fileEncoding = 4; lastKnownFileType = sourcecode.swift; name = InitialTableViewController.swift; path = ../InitialTableViewController.swift; sourceTree = "<group>"; };
		F0684A901CB08FF9007E104A /* Alamofire.framework */ = {isa = PBXFileReference; lastKnownFileType = wrapper.framework; name = Alamofire.framework; path = Carthage/Build/iOS/Alamofire.framework; sourceTree = "<group>"; };
		F0684A911CB08FF9007E104A /* SwiftyJSON.framework */ = {isa = PBXFileReference; lastKnownFileType = wrapper.framework; name = SwiftyJSON.framework; path = Carthage/Build/iOS/SwiftyJSON.framework; sourceTree = "<group>"; };
		F0684A971CB0985B007E104A /* Images.xcassets */ = {isa = PBXFileReference; lastKnownFileType = folder.assetcatalog; path = Images.xcassets; sourceTree = "<group>"; };
		F0B487011CB08ACA009AE52B /* Celeb Phone Book.app */ = {isa = PBXFileReference; explicitFileType = wrapper.application; includeInIndex = 0; path = "Celeb Phone Book.app"; sourceTree = BUILT_PRODUCTS_DIR; };
		F0B487041CB08ACA009AE52B /* AppDelegate.swift */ = {isa = PBXFileReference; lastKnownFileType = sourcecode.swift; path = AppDelegate.swift; sourceTree = "<group>"; };
		F0B487091CB08ACA009AE52B /* Base */ = {isa = PBXFileReference; lastKnownFileType = file.storyboard; name = Base; path = Base.lproj/Main.storyboard; sourceTree = "<group>"; };
		F0B4870E1CB08ACA009AE52B /* Base */ = {isa = PBXFileReference; lastKnownFileType = file.storyboard; name = Base; path = Base.lproj/LaunchScreen.storyboard; sourceTree = "<group>"; };
		F0B487101CB08ACA009AE52B /* Info.plist */ = {isa = PBXFileReference; lastKnownFileType = text.plist.xml; path = Info.plist; sourceTree = "<group>"; };
		F0B487151CB08ACA009AE52B /* Celeb Phone BookTests.xctest */ = {isa = PBXFileReference; explicitFileType = wrapper.cfbundle; includeInIndex = 0; path = "Celeb Phone BookTests.xctest"; sourceTree = BUILT_PRODUCTS_DIR; };
		F0B487191CB08ACA009AE52B /* Celeb_Phone_BookTests.swift */ = {isa = PBXFileReference; lastKnownFileType = sourcecode.swift; path = Celeb_Phone_BookTests.swift; sourceTree = "<group>"; };
		F0B4871B1CB08ACA009AE52B /* Info.plist */ = {isa = PBXFileReference; lastKnownFileType = text.plist.xml; path = Info.plist; sourceTree = "<group>"; };
		F0B487201CB08ACA009AE52B /* Celeb Phone BookUITests.xctest */ = {isa = PBXFileReference; explicitFileType = wrapper.cfbundle; includeInIndex = 0; path = "Celeb Phone BookUITests.xctest"; sourceTree = BUILT_PRODUCTS_DIR; };
		F0B487241CB08ACA009AE52B /* Celeb_Phone_BookUITests.swift */ = {isa = PBXFileReference; lastKnownFileType = sourcecode.swift; path = Celeb_Phone_BookUITests.swift; sourceTree = "<group>"; };
		F0B487261CB08ACA009AE52B /* Info.plist */ = {isa = PBXFileReference; lastKnownFileType = text.plist.xml; path = Info.plist; sourceTree = "<group>"; };
/* End PBXFileReference section */

/* Begin PBXFrameworksBuildPhase section */
		F0B486FE1CB08ACA009AE52B /* Frameworks */ = {
			isa = PBXFrameworksBuildPhase;
			buildActionMask = 2147483647;
			files = (
				F0684A941CB08FF9007E104A /* SwiftyJSON.framework in Frameworks */,
				F0684A921CB08FF9007E104A /* Alamofire.framework in Frameworks */,
			);
			runOnlyForDeploymentPostprocessing = 0;
		};
		F0B487121CB08ACA009AE52B /* Frameworks */ = {
			isa = PBXFrameworksBuildPhase;
			buildActionMask = 2147483647;
			files = (
			);
			runOnlyForDeploymentPostprocessing = 0;
		};
		F0B4871D1CB08ACA009AE52B /* Frameworks */ = {
			isa = PBXFrameworksBuildPhase;
			buildActionMask = 2147483647;
			files = (
			);
			runOnlyForDeploymentPostprocessing = 0;
		};
/* End PBXFrameworksBuildPhase section */

/* Begin PBXGroup section */
		F0B486F81CB08ACA009AE52B = {
			isa = PBXGroup;
			children = (
				F0684A901CB08FF9007E104A /* Alamofire.framework */,
				F0684A911CB08FF9007E104A /* SwiftyJSON.framework */,
				F0B487031CB08ACA009AE52B /* Celeb Phone Book */,
				F0B487181CB08ACA009AE52B /* Celeb Phone BookTests */,
				F0B487231CB08ACA009AE52B /* Celeb Phone BookUITests */,
				F0B487021CB08ACA009AE52B /* Products */,
			);
			sourceTree = "<group>";
		};
		F0B487021CB08ACA009AE52B /* Products */ = {
			isa = PBXGroup;
			children = (
				F0B487011CB08ACA009AE52B /* Celeb Phone Book.app */,
				F0B487151CB08ACA009AE52B /* Celeb Phone BookTests.xctest */,
				F0B487201CB08ACA009AE52B /* Celeb Phone BookUITests.xctest */,
			);
			name = Products;
			sourceTree = "<group>";
		};
		F0B487031CB08ACA009AE52B /* Celeb Phone Book */ = {
			isa = PBXGroup;
			children = (
				F0684A8E1CB08F26007E104A /* InitialTableViewController.swift */,
				F0B487041CB08ACA009AE52B /* AppDelegate.swift */,
				F0B487081CB08ACA009AE52B /* Main.storyboard */,
				F0B4870D1CB08ACA009AE52B /* LaunchScreen.storyboard */,
				F0B487101CB08ACA009AE52B /* Info.plist */,
				F0684A971CB0985B007E104A /* Images.xcassets */,
			);
			path = "Celeb Phone Book";
			sourceTree = "<group>";
		};
		F0B487181CB08ACA009AE52B /* Celeb Phone BookTests */ = {
			isa = PBXGroup;
			children = (
				F0B487191CB08ACA009AE52B /* Celeb_Phone_BookTests.swift */,
				F0B4871B1CB08ACA009AE52B /* Info.plist */,
			);
			path = "Celeb Phone BookTests";
			sourceTree = "<group>";
		};
		F0B487231CB08ACA009AE52B /* Celeb Phone BookUITests */ = {
			isa = PBXGroup;
			children = (
				F0B487241CB08ACA009AE52B /* Celeb_Phone_BookUITests.swift */,
				F0B487261CB08ACA009AE52B /* Info.plist */,
			);
			path = "Celeb Phone BookUITests";
			sourceTree = "<group>";
		};
/* End PBXGroup section */

/* Begin PBXNativeTarget section */
		F0B487001CB08ACA009AE52B /* Celeb Phone Book */ = {
			isa = PBXNativeTarget;
			buildConfigurationList = F0B487291CB08ACA009AE52B /* Build configuration list for PBXNativeTarget "Celeb Phone Book" */;
			buildPhases = (
				F0B486FD1CB08ACA009AE52B /* Sources */,
				F0B486FE1CB08ACA009AE52B /* Frameworks */,
				F0B486FF1CB08ACA009AE52B /* Resources */,
				F0684A961CB08FF9007E104A /* Embed Frameworks */,
			);
			buildRules = (
			);
			dependencies = (
			);
			name = "Celeb Phone Book";
			productName = "Celeb Phone Book";
			productReference = F0B487011CB08ACA009AE52B /* Celeb Phone Book.app */;
			productType = "com.apple.product-type.application";
		};
		F0B487141CB08ACA009AE52B /* Celeb Phone BookTests */ = {
			isa = PBXNativeTarget;
			buildConfigurationList = F0B4872C1CB08ACA009AE52B /* Build configuration list for PBXNativeTarget "Celeb Phone BookTests" */;
			buildPhases = (
				F0B487111CB08ACA009AE52B /* Sources */,
				F0B487121CB08ACA009AE52B /* Frameworks */,
				F0B487131CB08ACA009AE52B /* Resources */,
			);
			buildRules = (
			);
			dependencies = (
				F0B487171CB08ACA009AE52B /* PBXTargetDependency */,
			);
			name = "Celeb Phone BookTests";
			productName = "Celeb Phone BookTests";
			productReference = F0B487151CB08ACA009AE52B /* Celeb Phone BookTests.xctest */;
			productType = "com.apple.product-type.bundle.unit-test";
		};
		F0B4871F1CB08ACA009AE52B /* Celeb Phone BookUITests */ = {
			isa = PBXNativeTarget;
			buildConfigurationList = F0B4872F1CB08ACA009AE52B /* Build configuration list for PBXNativeTarget "Celeb Phone BookUITests" */;
			buildPhases = (
				F0B4871C1CB08ACA009AE52B /* Sources */,
				F0B4871D1CB08ACA009AE52B /* Frameworks */,
				F0B4871E1CB08ACA009AE52B /* Resources */,
			);
			buildRules = (
			);
			dependencies = (
				F0B487221CB08ACA009AE52B /* PBXTargetDependency */,
			);
			name = "Celeb Phone BookUITests";
			productName = "Celeb Phone BookUITests";
			productReference = F0B487201CB08ACA009AE52B /* Celeb Phone BookUITests.xctest */;
			productType = "com.apple.product-type.bundle.ui-testing";
		};
/* End PBXNativeTarget section */

/* Begin PBXProject section */
		F0B486F91CB08ACA009AE52B /* Project object */ = {
			isa = PBXProject;
			attributes = {
				LastSwiftUpdateCheck = 0730;
				LastUpgradeCheck = 0730;
				ORGANIZATIONNAME = "Matt Dickey Design";
				TargetAttributes = {
					F0B487001CB08ACA009AE52B = {
						CreatedOnToolsVersion = 7.3;
						DevelopmentTeam = 92UGHKD6H6;
					};
					F0B487141CB08ACA009AE52B = {
						CreatedOnToolsVersion = 7.3;
						TestTargetID = F0B487001CB08ACA009AE52B;
					};
					F0B4871F1CB08ACA009AE52B = {
						CreatedOnToolsVersion = 7.3;
						TestTargetID = F0B487001CB08ACA009AE52B;
					};
				};
			};
			buildConfigurationList = F0B486FC1CB08ACA009AE52B /* Build configuration list for PBXProject "Celeb Phone Book" */;
			compatibilityVersion = "Xcode 3.2";
			developmentRegion = English;
			hasScannedForEncodings = 0;
			knownRegions = (
				en,
				Base,
			);
			mainGroup = F0B486F81CB08ACA009AE52B;
			productRefGroup = F0B487021CB08ACA009AE52B /* Products */;
			projectDirPath = "";
			projectRoot = "";
			targets = (
				F0B487001CB08ACA009AE52B /* Celeb Phone Book */,
				F0B487141CB08ACA009AE52B /* Celeb Phone BookTests */,
				F0B4871F1CB08ACA009AE52B /* Celeb Phone BookUITests */,
			);
		};
/* End PBXProject section */

/* Begin PBXResourcesBuildPhase section */
		F0B486FF1CB08ACA009AE52B /* Resources */ = {
			isa = PBXResourcesBuildPhase;
			buildActionMask = 2147483647;
			files = (
				F0684A981CB0985B007E104A /* Images.xcassets in Resources */,
				F0B4870F1CB08ACA009AE52B /* LaunchScreen.storyboard in Resources */,
				F0B4870A1CB08ACA009AE52B /* Main.storyboard in Resources */,
			);
			runOnlyForDeploymentPostprocessing = 0;
		};
		F0B487131CB08ACA009AE52B /* Resources */ = {
			isa = PBXResourcesBuildPhase;
			buildActionMask = 2147483647;
			files = (
			);
			runOnlyForDeploymentPostprocessing = 0;
		};
		F0B4871E1CB08ACA009AE52B /* Resources */ = {
			isa = PBXResourcesBuildPhase;
			buildActionMask = 2147483647;
			files = (
			);
			runOnlyForDeploymentPostprocessing = 0;
		};
/* End PBXResourcesBuildPhase section */

/* Begin PBXSourcesBuildPhase section */
		F0B486FD1CB08ACA009AE52B /* Sources */ = {
			isa = PBXSourcesBuildPhase;
			buildActionMask = 2147483647;
			files = (
				F0684A8F1CB08F26007E104A /* InitialTableViewController.swift in Sources */,
				F0B487051CB08ACA009AE52B /* AppDelegate.swift in Sources */,
			);
			runOnlyForDeploymentPostprocessing = 0;
		};
		F0B487111CB08ACA009AE52B /* Sources */ = {
			isa = PBXSourcesBuildPhase;
			buildActionMask = 2147483647;
			files = (
				F0B4871A1CB08ACA009AE52B /* Celeb_Phone_BookTests.swift in Sources */,
			);
			runOnlyForDeploymentPostprocessing = 0;
		};
		F0B4871C1CB08ACA009AE52B /* Sources */ = {
			isa = PBXSourcesBuildPhase;
			buildActionMask = 2147483647;
			files = (
				F0B487251CB08ACA009AE52B /* Celeb_Phone_BookUITests.swift in Sources */,
			);
			runOnlyForDeploymentPostprocessing = 0;
		};
/* End PBXSourcesBuildPhase section */

/* Begin PBXTargetDependency section */
		F0B487171CB08ACA009AE52B /* PBXTargetDependency */ = {
			isa = PBXTargetDependency;
			target = F0B487001CB08ACA009AE52B /* Celeb Phone Book */;
			targetProxy = F0B487161CB08ACA009AE52B /* PBXContainerItemProxy */;
		};
		F0B487221CB08ACA009AE52B /* PBXTargetDependency */ = {
			isa = PBXTargetDependency;
			target = F0B487001CB08ACA009AE52B /* Celeb Phone Book */;
			targetProxy = F0B487211CB08ACA009AE52B /* PBXContainerItemProxy */;
		};
/* End PBXTargetDependency section */

/* Begin PBXVariantGroup section */
		F0B487081CB08ACA009AE52B /* Main.storyboard */ = {
			isa = PBXVariantGroup;
			children = (
				F0B487091CB08ACA009AE52B /* Base */,
			);
			name = Main.storyboard;
			sourceTree = "<group>";
		};
		F0B4870D1CB08ACA009AE52B /* LaunchScreen.storyboard */ = {
			isa = PBXVariantGroup;
			children = (
				F0B4870E1CB08ACA009AE52B /* Base */,
			);
			name = LaunchScreen.storyboard;
			sourceTree = "<group>";
		};
/* End PBXVariantGroup section */

/* Begin XCBuildConfiguration section */
		F0B487271CB08ACA009AE52B /* Debug */ = {
			isa = XCBuildConfiguration;
			buildSettings = {
				ALWAYS_SEARCH_USER_PATHS = NO;
				CLANG_ANALYZER_NONNULL = YES;
				CLANG_CXX_LANGUAGE_STANDARD = "gnu++0x";
				CLANG_CXX_LIBRARY = "libc++";
				CLANG_ENABLE_MODULES = YES;
				CLANG_ENABLE_OBJC_ARC = YES;
				CLANG_WARN_BOOL_CONVERSION = YES;
				CLANG_WARN_CONSTANT_CONVERSION = YES;
				CLANG_WARN_DIRECT_OBJC_ISA_USAGE = YES_ERROR;
				CLANG_WARN_EMPTY_BODY = YES;
				CLANG_WARN_ENUM_CONVERSION = YES;
				CLANG_WARN_INT_CONVERSION = YES;
				CLANG_WARN_OBJC_ROOT_CLASS = YES_ERROR;
				CLANG_WARN_UNREACHABLE_CODE = YES;
				CLANG_WARN__DUPLICATE_METHOD_MATCH = YES;
				"CODE_SIGN_IDENTITY[sdk=iphoneos*]" = "iPhone Developer";
				COPY_PHASE_STRIP = NO;
				DEBUG_INFORMATION_FORMAT = dwarf;
				ENABLE_STRICT_OBJC_MSGSEND = YES;
				ENABLE_TESTABILITY = YES;
				GCC_C_LANGUAGE_STANDARD = gnu99;
				GCC_DYNAMIC_NO_PIC = NO;
				GCC_NO_COMMON_BLOCKS = YES;
				GCC_OPTIMIZATION_LEVEL = 0;
				GCC_PREPROCESSOR_DEFINITIONS = (
					"DEBUG=1",
					"$(inherited)",
				);
				GCC_WARN_64_TO_32_BIT_CONVERSION = YES;
				GCC_WARN_ABOUT_RETURN_TYPE = YES_ERROR;
				GCC_WARN_UNDECLARED_SELECTOR = YES;
				GCC_WARN_UNINITIALIZED_AUTOS = YES_AGGRESSIVE;
				GCC_WARN_UNUSED_FUNCTION = YES;
				GCC_WARN_UNUSED_VARIABLE = YES;
				IPHONEOS_DEPLOYMENT_TARGET = 9.3;
				MTL_ENABLE_DEBUG_INFO = YES;
				ONLY_ACTIVE_ARCH = YES;
				SDKROOT = iphoneos;
				SWIFT_OPTIMIZATION_LEVEL = "-Onone";
			};
			name = Debug;
		};
		F0B487281CB08ACA009AE52B /* Release */ = {
			isa = XCBuildConfiguration;
			buildSettings = {
				ALWAYS_SEARCH_USER_PATHS = NO;
				CLANG_ANALYZER_NONNULL = YES;
				CLANG_CXX_LANGUAGE_STANDARD = "gnu++0x";
				CLANG_CXX_LIBRARY = "libc++";
				CLANG_ENABLE_MODULES = YES;
				CLANG_ENABLE_OBJC_ARC = YES;
				CLANG_WARN_BOOL_CONVERSION = YES;
				CLANG_WARN_CONSTANT_CONVERSION = YES;
				CLANG_WARN_DIRECT_OBJC_ISA_USAGE = YES_ERROR;
				CLANG_WARN_EMPTY_BODY = YES;
				CLANG_WARN_ENUM_CONVERSION = YES;
				CLANG_WARN_INT_CONVERSION = YES;
				CLANG_WARN_OBJC_ROOT_CLASS = YES_ERROR;
				CLANG_WARN_UNREACHABLE_CODE = YES;
				CLANG_WARN__DUPLICATE_METHOD_MATCH = YES;
				"CODE_SIGN_IDENTITY[sdk=iphoneos*]" = "iPhone Developer";
				COPY_PHASE_STRIP = NO;
				DEBUG_INFORMATION_FORMAT = "dwarf-with-dsym";
				ENABLE_NS_ASSERTIONS = NO;
				ENABLE_STRICT_OBJC_MSGSEND = YES;
				GCC_C_LANGUAGE_STANDARD = gnu99;
				GCC_NO_COMMON_BLOCKS = YES;
				GCC_WARN_64_TO_32_BIT_CONVERSION = YES;
				GCC_WARN_ABOUT_RETURN_TYPE = YES_ERROR;
				GCC_WARN_UNDECLARED_SELECTOR = YES;
				GCC_WARN_UNINITIALIZED_AUTOS = YES_AGGRESSIVE;
				GCC_WARN_UNUSED_FUNCTION = YES;
				GCC_WARN_UNUSED_VARIABLE = YES;
				IPHONEOS_DEPLOYMENT_TARGET = 9.3;
				MTL_ENABLE_DEBUG_INFO = NO;
				SDKROOT = iphoneos;
				VALIDATE_PRODUCT = YES;
			};
			name = Release;
		};
		F0B4872A1CB08ACA009AE52B /* Debug */ = {
			isa = XCBuildConfiguration;
			buildSettings = {
				ASSETCATALOG_COMPILER_APPICON_NAME = AppIcon;
				CODE_SIGN_IDENTITY = "iPhone Developer";
				FRAMEWORK_SEARCH_PATHS = (
					"$(inherited)",
					"$(PROJECT_DIR)/Carthage/Build/iOS",
				);
				INFOPLIST_FILE = "Celeb Phone Book/Info.plist";
				LD_RUNPATH_SEARCH_PATHS = "$(inherited) @executable_path/Frameworks";
				PRODUCT_BUNDLE_IDENTIFIER = "com.mattdickeydesign.Celeb-Phone-Book";
				PRODUCT_NAME = "$(TARGET_NAME)";
			};
			name = Debug;
		};
		F0B4872B1CB08ACA009AE52B /* Release */ = {
			isa = XCBuildConfiguration;
			buildSettings = {
				ASSETCATALOG_COMPILER_APPICON_NAME = AppIcon;
				CODE_SIGN_IDENTITY = "iPhone Developer";
				FRAMEWORK_SEARCH_PATHS = (
					"$(inherited)",
					"$(PROJECT_DIR)/Carthage/Build/iOS",
				);
				INFOPLIST_FILE = "Celeb Phone Book/Info.plist";
				LD_RUNPATH_SEARCH_PATHS = "$(inherited) @executable_path/Frameworks";
				PRODUCT_BUNDLE_IDENTIFIER = "com.mattdickeydesign.Celeb-Phone-Book";
				PRODUCT_NAME = "$(TARGET_NAME)";
			};
			name = Release;
		};
		F0B4872D1CB08ACA009AE52B /* Debug */ = {
			isa = XCBuildConfiguration;
			buildSettings = {
				BUNDLE_LOADER = "$(TEST_HOST)";
				INFOPLIST_FILE = "Celeb Phone BookTests/Info.plist";
				LD_RUNPATH_SEARCH_PATHS = "$(inherited) @executable_path/Frameworks @loader_path/Frameworks";
				PRODUCT_BUNDLE_IDENTIFIER = "com.mattdickeydesign.Celeb-Phone-BookTests";
				PRODUCT_NAME = "$(TARGET_NAME)";
				TEST_HOST = "$(BUILT_PRODUCTS_DIR)/Celeb Phone Book.app/Celeb Phone Book";
			};
			name = Debug;
		};
		F0B4872E1CB08ACA009AE52B /* Release */ = {
			isa = XCBuildConfiguration;
			buildSettings = {
				BUNDLE_LOADER = "$(TEST_HOST)";
				INFOPLIST_FILE = "Celeb Phone BookTests/Info.plist";
				LD_RUNPATH_SEARCH_PATHS = "$(inherited) @executable_path/Frameworks @loader_path/Frameworks";
				PRODUCT_BUNDLE_IDENTIFIER = "com.mattdickeydesign.Celeb-Phone-BookTests";
				PRODUCT_NAME = "$(TARGET_NAME)";
				TEST_HOST = "$(BUILT_PRODUCTS_DIR)/Celeb Phone Book.app/Celeb Phone Book";
			};
			name = Release;
		};
		F0B487301CB08ACA009AE52B /* Debug */ = {
			isa = XCBuildConfiguration;
			buildSettings = {
				INFOPLIST_FILE = "Celeb Phone BookUITests/Info.plist";
				LD_RUNPATH_SEARCH_PATHS = "$(inherited) @executable_path/Frameworks @loader_path/Frameworks";
				PRODUCT_BUNDLE_IDENTIFIER = "com.mattdickeydesign.Celeb-Phone-BookUITests";
				PRODUCT_NAME = "$(TARGET_NAME)";
				TEST_TARGET_NAME = "Celeb Phone Book";
			};
			name = Debug;
		};
		F0B487311CB08ACA009AE52B /* Release */ = {
			isa = XCBuildConfiguration;
			buildSettings = {
				INFOPLIST_FILE = "Celeb Phone BookUITests/Info.plist";
				LD_RUNPATH_SEARCH_PATHS = "$(inherited) @executable_path/Frameworks @loader_path/Frameworks";
				PRODUCT_BUNDLE_IDENTIFIER = "com.mattdickeydesign.Celeb-Phone-BookUITests";
				PRODUCT_NAME = "$(TARGET_NAME)";
				TEST_TARGET_NAME = "Celeb Phone Book";
			};
			name = Release;
		};
/* End XCBuildConfiguration section */

/* Begin XCConfigurationList section */
		F0B486FC1CB08ACA009AE52B /* Build configuration list for PBXProject "Celeb Phone Book" */ = {
			isa = XCConfigurationList;
			buildConfigurations = (
				F0B487271CB08ACA009AE52B /* Debug */,
				F0B487281CB08ACA009AE52B /* Release */,
			);
			defaultConfigurationIsVisible = 0;
			defaultConfigurationName = Release;
		};
		F0B487291CB08ACA009AE52B /* Build configuration list for PBXNativeTarget "Celeb Phone Book" */ = {
			isa = XCConfigurationList;
			buildConfigurations = (
				F0B4872A1CB08ACA009AE52B /* Debug */,
				F0B4872B1CB08ACA009AE52B /* Release */,
			);
			defaultConfigurationIsVisible = 0;
			defaultConfigurationName = Release;
		};
		F0B4872C1CB08ACA009AE52B /* Build configuration list for PBXNativeTarget "Celeb Phone BookTests" */ = {
			isa = XCConfigurationList;
			buildConfigurations = (
				F0B4872D1CB08ACA009AE52B /* Debug */,
				F0B4872E1CB08ACA009AE52B /* Release */,
			);
			defaultConfigurationIsVisible = 0;
			defaultConfigurationName = Release;
		};
		F0B4872F1CB08ACA009AE52B /* Build configuration list for PBXNativeTarget "Celeb Phone BookUITests" */ = {
			isa = XCConfigurationList;
			buildConfigurations = (
				F0B487301CB08ACA009AE52B /* Debug */,
				F0B487311CB08ACA009AE52B /* Release */,
			);
			defaultConfigurationIsVisible = 0;
			defaultConfigurationName = Release;
		};
/* End XCConfigurationList section */
	};
	rootObject = F0B486F91CB08ACA009AE52B /* Project object */;
}
