// !$*UTF8*$!
{
	archiveVersion = 1;
	classes = {
	};
	objectVersion = 46;
	objects = {

/* Begin PBXBuildFile section */
		F0CE888B1C7CC19300A6EBE1 /* AppDelegate.swift in Sources */ = {isa = PBXBuildFile; fileRef = F0CE888A1C7CC19300A6EBE1 /* AppDelegate.swift */; };
		F0CE88901C7CC19300A6EBE1 /* Main.storyboard in Resources */ = {isa = PBXBuildFile; fileRef = F0CE888E1C7CC19300A6EBE1 /* Main.storyboard */; };
		F0CE88921C7CC19300A6EBE1 /* Assets.xcassets in Resources */ = {isa = PBXBuildFile; fileRef = F0CE88911C7CC19300A6EBE1 /* Assets.xcassets */; };
		F0CE88951C7CC19300A6EBE1 /* LaunchScreen.storyboard in Resources */ = {isa = PBXBuildFile; fileRef = F0CE88931C7CC19300A6EBE1 /* LaunchScreen.storyboard */; };
		F0CE88A01C7CC19300A6EBE1 /* To_Do_ListTests.swift in Sources */ = {isa = PBXBuildFile; fileRef = F0CE889F1C7CC19300A6EBE1 /* To_Do_ListTests.swift */; };
		F0CE88AB1C7CC19300A6EBE1 /* To_Do_ListUITests.swift in Sources */ = {isa = PBXBuildFile; fileRef = F0CE88AA1C7CC19300A6EBE1 /* To_Do_ListUITests.swift */; };
		F0CE88B91C7CC26500A6EBE1 /* TableTableViewController.swift in Sources */ = {isa = PBXBuildFile; fileRef = F0CE88B81C7CC26500A6EBE1 /* TableTableViewController.swift */; };
		F0CE88BB1C7CC28000A6EBE1 /* AddNewViewController.swift in Sources */ = {isa = PBXBuildFile; fileRef = F0CE88BA1C7CC28000A6EBE1 /* AddNewViewController.swift */; };
		F0CE88BD1C7CC98900A6EBE1 /* ToDoItem.swift in Sources */ = {isa = PBXBuildFile; fileRef = F0CE88BC1C7CC98900A6EBE1 /* ToDoItem.swift */; };
/* End PBXBuildFile section */

/* Begin PBXContainerItemProxy section */
		F0CE889C1C7CC19300A6EBE1 /* PBXContainerItemProxy */ = {
			isa = PBXContainerItemProxy;
			containerPortal = F0CE887F1C7CC19200A6EBE1 /* Project object */;
			proxyType = 1;
			remoteGlobalIDString = F0CE88861C7CC19300A6EBE1;
			remoteInfo = "To Do List";
		};
		F0CE88A71C7CC19300A6EBE1 /* PBXContainerItemProxy */ = {
			isa = PBXContainerItemProxy;
			containerPortal = F0CE887F1C7CC19200A6EBE1 /* Project object */;
			proxyType = 1;
			remoteGlobalIDString = F0CE88861C7CC19300A6EBE1;
			remoteInfo = "To Do List";
		};
/* End PBXContainerItemProxy section */

/* Begin PBXFileReference section */
		F0CE88871C7CC19300A6EBE1 /* To Do List.app */ = {isa = PBXFileReference; explicitFileType = wrapper.application; includeInIndex = 0; path = "To Do List.app"; sourceTree = BUILT_PRODUCTS_DIR; };
		F0CE888A1C7CC19300A6EBE1 /* AppDelegate.swift */ = {isa = PBXFileReference; lastKnownFileType = sourcecode.swift; path = AppDelegate.swift; sourceTree = "<group>"; };
		F0CE888F1C7CC19300A6EBE1 /* Base */ = {isa = PBXFileReference; lastKnownFileType = file.storyboard; name = Base; path = Base.lproj/Main.storyboard; sourceTree = "<group>"; };
		F0CE88911C7CC19300A6EBE1 /* Assets.xcassets */ = {isa = PBXFileReference; lastKnownFileType = folder.assetcatalog; path = Assets.xcassets; sourceTree = "<group>"; };
		F0CE88941C7CC19300A6EBE1 /* Base */ = {isa = PBXFileReference; lastKnownFileType = file.storyboard; name = Base; path = Base.lproj/LaunchScreen.storyboard; sourceTree = "<group>"; };
		F0CE88961C7CC19300A6EBE1 /* Info.plist */ = {isa = PBXFileReference; lastKnownFileType = text.plist.xml; path = Info.plist; sourceTree = "<group>"; };
		F0CE889B1C7CC19300A6EBE1 /* To Do ListTests.xctest */ = {isa = PBXFileReference; explicitFileType = wrapper.cfbundle; includeInIndex = 0; path = "To Do ListTests.xctest"; sourceTree = BUILT_PRODUCTS_DIR; };
		F0CE889F1C7CC19300A6EBE1 /* To_Do_ListTests.swift */ = {isa = PBXFileReference; lastKnownFileType = sourcecode.swift; path = To_Do_ListTests.swift; sourceTree = "<group>"; };
		F0CE88A11C7CC19300A6EBE1 /* Info.plist */ = {isa = PBXFileReference; lastKnownFileType = text.plist.xml; path = Info.plist; sourceTree = "<group>"; };
		F0CE88A61C7CC19300A6EBE1 /* To Do ListUITests.xctest */ = {isa = PBXFileReference; explicitFileType = wrapper.cfbundle; includeInIndex = 0; path = "To Do ListUITests.xctest"; sourceTree = BUILT_PRODUCTS_DIR; };
		F0CE88AA1C7CC19300A6EBE1 /* To_Do_ListUITests.swift */ = {isa = PBXFileReference; lastKnownFileType = sourcecode.swift; path = To_Do_ListUITests.swift; sourceTree = "<group>"; };
		F0CE88AC1C7CC19300A6EBE1 /* Info.plist */ = {isa = PBXFileReference; lastKnownFileType = text.plist.xml; path = Info.plist; sourceTree = "<group>"; };
		F0CE88B81C7CC26500A6EBE1 /* TableTableViewController.swift */ = {isa = PBXFileReference; fileEncoding = 4; lastKnownFileType = sourcecode.swift; name = TableTableViewController.swift; path = ../TableTableViewController.swift; sourceTree = "<group>"; };
		F0CE88BA1C7CC28000A6EBE1 /* AddNewViewController.swift */ = {isa = PBXFileReference; fileEncoding = 4; lastKnownFileType = sourcecode.swift; name = AddNewViewController.swift; path = ../AddNewViewController.swift; sourceTree = "<group>"; };
		F0CE88BC1C7CC98900A6EBE1 /* ToDoItem.swift */ = {isa = PBXFileReference; fileEncoding = 4; lastKnownFileType = sourcecode.swift; path = ToDoItem.swift; sourceTree = "<group>"; };
/* End PBXFileReference section */

/* Begin PBXFrameworksBuildPhase section */
		F0CE88841C7CC19300A6EBE1 /* Frameworks */ = {
			isa = PBXFrameworksBuildPhase;
			buildActionMask = 2147483647;
			files = (
			);
			runOnlyForDeploymentPostprocessing = 0;
		};
		F0CE88981C7CC19300A6EBE1 /* Frameworks */ = {
			isa = PBXFrameworksBuildPhase;
			buildActionMask = 2147483647;
			files = (
			);
			runOnlyForDeploymentPostprocessing = 0;
		};
		F0CE88A31C7CC19300A6EBE1 /* Frameworks */ = {
			isa = PBXFrameworksBuildPhase;
			buildActionMask = 2147483647;
			files = (
			);
			runOnlyForDeploymentPostprocessing = 0;
		};
/* End PBXFrameworksBuildPhase section */

/* Begin PBXGroup section */
		F0CE887E1C7CC19200A6EBE1 = {
			isa = PBXGroup;
			children = (
				F0CE88891C7CC19300A6EBE1 /* To Do List */,
				F0CE889E1C7CC19300A6EBE1 /* To Do ListTests */,
				F0CE88A91C7CC19300A6EBE1 /* To Do ListUITests */,
				F0CE88881C7CC19300A6EBE1 /* Products */,
			);
			sourceTree = "<group>";
		};
		F0CE88881C7CC19300A6EBE1 /* Products */ = {
			isa = PBXGroup;
			children = (
				F0CE88871C7CC19300A6EBE1 /* To Do List.app */,
				F0CE889B1C7CC19300A6EBE1 /* To Do ListTests.xctest */,
				F0CE88A61C7CC19300A6EBE1 /* To Do ListUITests.xctest */,
			);
			name = Products;
			sourceTree = "<group>";
		};
		F0CE88891C7CC19300A6EBE1 /* To Do List */ = {
			isa = PBXGroup;
			children = (
				F0CE88BA1C7CC28000A6EBE1 /* AddNewViewController.swift */,
				F0CE88B81C7CC26500A6EBE1 /* TableTableViewController.swift */,
				F0CE888A1C7CC19300A6EBE1 /* AppDelegate.swift */,
				F0CE888E1C7CC19300A6EBE1 /* Main.storyboard */,
				F0CE88BC1C7CC98900A6EBE1 /* ToDoItem.swift */,
				F0CE88911C7CC19300A6EBE1 /* Assets.xcassets */,
				F0CE88931C7CC19300A6EBE1 /* LaunchScreen.storyboard */,
				F0CE88961C7CC19300A6EBE1 /* Info.plist */,
			);
			path = "To Do List";
			sourceTree = "<group>";
		};
		F0CE889E1C7CC19300A6EBE1 /* To Do ListTests */ = {
			isa = PBXGroup;
			children = (
				F0CE889F1C7CC19300A6EBE1 /* To_Do_ListTests.swift */,
				F0CE88A11C7CC19300A6EBE1 /* Info.plist */,
			);
			path = "To Do ListTests";
			sourceTree = "<group>";
		};
		F0CE88A91C7CC19300A6EBE1 /* To Do ListUITests */ = {
			isa = PBXGroup;
			children = (
				F0CE88AA1C7CC19300A6EBE1 /* To_Do_ListUITests.swift */,
				F0CE88AC1C7CC19300A6EBE1 /* Info.plist */,
			);
			path = "To Do ListUITests";
			sourceTree = "<group>";
		};
/* End PBXGroup section */

/* Begin PBXNativeTarget section */
		F0CE88861C7CC19300A6EBE1 /* To Do List */ = {
			isa = PBXNativeTarget;
			buildConfigurationList = F0CE88AF1C7CC19300A6EBE1 /* Build configuration list for PBXNativeTarget "To Do List" */;
			buildPhases = (
				F0CE88831C7CC19300A6EBE1 /* Sources */,
				F0CE88841C7CC19300A6EBE1 /* Frameworks */,
				F0CE88851C7CC19300A6EBE1 /* Resources */,
			);
			buildRules = (
			);
			dependencies = (
			);
			name = "To Do List";
			productName = "To Do List";
			productReference = F0CE88871C7CC19300A6EBE1 /* To Do List.app */;
			productType = "com.apple.product-type.application";
		};
		F0CE889A1C7CC19300A6EBE1 /* To Do ListTests */ = {
			isa = PBXNativeTarget;
			buildConfigurationList = F0CE88B21C7CC19300A6EBE1 /* Build configuration list for PBXNativeTarget "To Do ListTests" */;
			buildPhases = (
				F0CE88971C7CC19300A6EBE1 /* Sources */,
				F0CE88981C7CC19300A6EBE1 /* Frameworks */,
				F0CE88991C7CC19300A6EBE1 /* Resources */,
			);
			buildRules = (
			);
			dependencies = (
				F0CE889D1C7CC19300A6EBE1 /* PBXTargetDependency */,
			);
			name = "To Do ListTests";
			productName = "To Do ListTests";
			productReference = F0CE889B1C7CC19300A6EBE1 /* To Do ListTests.xctest */;
			productType = "com.apple.product-type.bundle.unit-test";
		};
		F0CE88A51C7CC19300A6EBE1 /* To Do ListUITests */ = {
			isa = PBXNativeTarget;
			buildConfigurationList = F0CE88B51C7CC19300A6EBE1 /* Build configuration list for PBXNativeTarget "To Do ListUITests" */;
			buildPhases = (
				F0CE88A21C7CC19300A6EBE1 /* Sources */,
				F0CE88A31C7CC19300A6EBE1 /* Frameworks */,
				F0CE88A41C7CC19300A6EBE1 /* Resources */,
			);
			buildRules = (
			);
			dependencies = (
				F0CE88A81C7CC19300A6EBE1 /* PBXTargetDependency */,
			);
			name = "To Do ListUITests";
			productName = "To Do ListUITests";
			productReference = F0CE88A61C7CC19300A6EBE1 /* To Do ListUITests.xctest */;
			productType = "com.apple.product-type.bundle.ui-testing";
		};
/* End PBXNativeTarget section */

/* Begin PBXProject section */
		F0CE887F1C7CC19200A6EBE1 /* Project object */ = {
			isa = PBXProject;
			attributes = {
				LastSwiftUpdateCheck = 0720;
				LastUpgradeCheck = 0720;
				ORGANIZATIONNAME = "Matt Dickey";
				TargetAttributes = {
					F0CE88861C7CC19300A6EBE1 = {
						CreatedOnToolsVersion = 7.2.1;
					};
					F0CE889A1C7CC19300A6EBE1 = {
						CreatedOnToolsVersion = 7.2.1;
						TestTargetID = F0CE88861C7CC19300A6EBE1;
					};
					F0CE88A51C7CC19300A6EBE1 = {
						CreatedOnToolsVersion = 7.2.1;
						TestTargetID = F0CE88861C7CC19300A6EBE1;
					};
				};
			};
			buildConfigurationList = F0CE88821C7CC19300A6EBE1 /* Build configuration list for PBXProject "To Do List" */;
			compatibilityVersion = "Xcode 3.2";
			developmentRegion = English;
			hasScannedForEncodings = 0;
			knownRegions = (
				en,
				Base,
			);
			mainGroup = F0CE887E1C7CC19200A6EBE1;
			productRefGroup = F0CE88881C7CC19300A6EBE1 /* Products */;
			projectDirPath = "";
			projectRoot = "";
			targets = (
				F0CE88861C7CC19300A6EBE1 /* To Do List */,
				F0CE889A1C7CC19300A6EBE1 /* To Do ListTests */,
				F0CE88A51C7CC19300A6EBE1 /* To Do ListUITests */,
			);
		};
/* End PBXProject section */

/* Begin PBXResourcesBuildPhase section */
		F0CE88851C7CC19300A6EBE1 /* Resources */ = {
			isa = PBXResourcesBuildPhase;
			buildActionMask = 2147483647;
			files = (
				F0CE88951C7CC19300A6EBE1 /* LaunchScreen.storyboard in Resources */,
				F0CE88921C7CC19300A6EBE1 /* Assets.xcassets in Resources */,
				F0CE88901C7CC19300A6EBE1 /* Main.storyboard in Resources */,
			);
			runOnlyForDeploymentPostprocessing = 0;
		};
		F0CE88991C7CC19300A6EBE1 /* Resources */ = {
			isa = PBXResourcesBuildPhase;
			buildActionMask = 2147483647;
			files = (
			);
			runOnlyForDeploymentPostprocessing = 0;
		};
		F0CE88A41C7CC19300A6EBE1 /* Resources */ = {
			isa = PBXResourcesBuildPhase;
			buildActionMask = 2147483647;
			files = (
			);
			runOnlyForDeploymentPostprocessing = 0;
		};
/* End PBXResourcesBuildPhase section */

/* Begin PBXSourcesBuildPhase section */
		F0CE88831C7CC19300A6EBE1 /* Sources */ = {
			isa = PBXSourcesBuildPhase;
			buildActionMask = 2147483647;
			files = (
				F0CE88B91C7CC26500A6EBE1 /* TableTableViewController.swift in Sources */,
				F0CE88BB1C7CC28000A6EBE1 /* AddNewViewController.swift in Sources */,
				F0CE88BD1C7CC98900A6EBE1 /* ToDoItem.swift in Sources */,
				F0CE888B1C7CC19300A6EBE1 /* AppDelegate.swift in Sources */,
			);
			runOnlyForDeploymentPostprocessing = 0;
		};
		F0CE88971C7CC19300A6EBE1 /* Sources */ = {
			isa = PBXSourcesBuildPhase;
			buildActionMask = 2147483647;
			files = (
				F0CE88A01C7CC19300A6EBE1 /* To_Do_ListTests.swift in Sources */,
			);
			runOnlyForDeploymentPostprocessing = 0;
		};
		F0CE88A21C7CC19300A6EBE1 /* Sources */ = {
			isa = PBXSourcesBuildPhase;
			buildActionMask = 2147483647;
			files = (
				F0CE88AB1C7CC19300A6EBE1 /* To_Do_ListUITests.swift in Sources */,
			);
			runOnlyForDeploymentPostprocessing = 0;
		};
/* End PBXSourcesBuildPhase section */

/* Begin PBXTargetDependency section */
		F0CE889D1C7CC19300A6EBE1 /* PBXTargetDependency */ = {
			isa = PBXTargetDependency;
			target = F0CE88861C7CC19300A6EBE1 /* To Do List */;
			targetProxy = F0CE889C1C7CC19300A6EBE1 /* PBXContainerItemProxy */;
		};
		F0CE88A81C7CC19300A6EBE1 /* PBXTargetDependency */ = {
			isa = PBXTargetDependency;
			target = F0CE88861C7CC19300A6EBE1 /* To Do List */;
			targetProxy = F0CE88A71C7CC19300A6EBE1 /* PBXContainerItemProxy */;
		};
/* End PBXTargetDependency section */

/* Begin PBXVariantGroup section */
		F0CE888E1C7CC19300A6EBE1 /* Main.storyboard */ = {
			isa = PBXVariantGroup;
			children = (
				F0CE888F1C7CC19300A6EBE1 /* Base */,
			);
			name = Main.storyboard;
			sourceTree = "<group>";
		};
		F0CE88931C7CC19300A6EBE1 /* LaunchScreen.storyboard */ = {
			isa = PBXVariantGroup;
			children = (
				F0CE88941C7CC19300A6EBE1 /* Base */,
			);
			name = LaunchScreen.storyboard;
			sourceTree = "<group>";
		};
/* End PBXVariantGroup section */

/* Begin XCBuildConfiguration section */
		F0CE88AD1C7CC19300A6EBE1 /* Debug */ = {
			isa = XCBuildConfiguration;
			buildSettings = {
				ALWAYS_SEARCH_USER_PATHS = NO;
				CLANG_CXX_LANGUAGE_STANDARD = "gnu++0x";
				CLANG_CXX_LIBRARY = "libc++";
				CLANG_ENABLE_MODULES = YES;
				CLANG_ENABLE_OBJC_ARC = YES;
				CLANG_WARN_BOOL_CONVERSION = YES;
				CLANG_WARN_CONSTANT_CONVERSION = YES;
				CLANG_WARN_DIRECT_OBJC_ISA_USAGE = YES_ERROR;
				CLANG_WARN_EMPTY_BODY = YES;
				CLANG_WARN_ENUM_CONVERSION = YES;
				CLANG_WARN_INT_CONVERSION = YES;
				CLANG_WARN_OBJC_ROOT_CLASS = YES_ERROR;
				CLANG_WARN_UNREACHABLE_CODE = YES;
				CLANG_WARN__DUPLICATE_METHOD_MATCH = YES;
				"CODE_SIGN_IDENTITY[sdk=iphoneos*]" = "iPhone Developer";
				COPY_PHASE_STRIP = NO;
				DEBUG_INFORMATION_FORMAT = dwarf;
				ENABLE_STRICT_OBJC_MSGSEND = YES;
				ENABLE_TESTABILITY = YES;
				GCC_C_LANGUAGE_STANDARD = gnu99;
				GCC_DYNAMIC_NO_PIC = NO;
				GCC_NO_COMMON_BLOCKS = YES;
				GCC_OPTIMIZATION_LEVEL = 0;
				GCC_PREPROCESSOR_DEFINITIONS = (
					"DEBUG=1",
					"$(inherited)",
				);
				GCC_WARN_64_TO_32_BIT_CONVERSION = YES;
				GCC_WARN_ABOUT_RETURN_TYPE = YES_ERROR;
				GCC_WARN_UNDECLARED_SELECTOR = YES;
				GCC_WARN_UNINITIALIZED_AUTOS = YES_AGGRESSIVE;
				GCC_WARN_UNUSED_FUNCTION = YES;
				GCC_WARN_UNUSED_VARIABLE = YES;
				IPHONEOS_DEPLOYMENT_TARGET = 9.2;
				MTL_ENABLE_DEBUG_INFO = YES;
				ONLY_ACTIVE_ARCH = YES;
				SDKROOT = iphoneos;
				SWIFT_OPTIMIZATION_LEVEL = "-Onone";
			};
			name = Debug;
		};
		F0CE88AE1C7CC19300A6EBE1 /* Release */ = {
			isa = XCBuildConfiguration;
			buildSettings = {
				ALWAYS_SEARCH_USER_PATHS = NO;
				CLANG_CXX_LANGUAGE_STANDARD = "gnu++0x";
				CLANG_CXX_LIBRARY = "libc++";
				CLANG_ENABLE_MODULES = YES;
				CLANG_ENABLE_OBJC_ARC = YES;
				CLANG_WARN_BOOL_CONVERSION = YES;
				CLANG_WARN_CONSTANT_CONVERSION = YES;
				CLANG_WARN_DIRECT_OBJC_ISA_USAGE = YES_ERROR;
				CLANG_WARN_EMPTY_BODY = YES;
				CLANG_WARN_ENUM_CONVERSION = YES;
				CLANG_WARN_INT_CONVERSION = YES;
				CLANG_WARN_OBJC_ROOT_CLASS = YES_ERROR;
				CLANG_WARN_UNREACHABLE_CODE = YES;
				CLANG_WARN__DUPLICATE_METHOD_MATCH = YES;
				"CODE_SIGN_IDENTITY[sdk=iphoneos*]" = "iPhone Developer";
				COPY_PHASE_STRIP = NO;
				DEBUG_INFORMATION_FORMAT = "dwarf-with-dsym";
				ENABLE_NS_ASSERTIONS = NO;
				ENABLE_STRICT_OBJC_MSGSEND = YES;
				GCC_C_LANGUAGE_STANDARD = gnu99;
				GCC_NO_COMMON_BLOCKS = YES;
				GCC_WARN_64_TO_32_BIT_CONVERSION = YES;
				GCC_WARN_ABOUT_RETURN_TYPE = YES_ERROR;
				GCC_WARN_UNDECLARED_SELECTOR = YES;
				GCC_WARN_UNINITIALIZED_AUTOS = YES_AGGRESSIVE;
				GCC_WARN_UNUSED_FUNCTION = YES;
				GCC_WARN_UNUSED_VARIABLE = YES;
				IPHONEOS_DEPLOYMENT_TARGET = 9.2;
				MTL_ENABLE_DEBUG_INFO = NO;
				SDKROOT = iphoneos;
				VALIDATE_PRODUCT = YES;
			};
			name = Release;
		};
		F0CE88B01C7CC19300A6EBE1 /* Debug */ = {
			isa = XCBuildConfiguration;
			buildSettings = {
				ASSETCATALOG_COMPILER_APPICON_NAME = AppIcon;
				INFOPLIST_FILE = "To Do List/Info.plist";
				LD_RUNPATH_SEARCH_PATHS = "$(inherited) @executable_path/Frameworks";
				PRODUCT_BUNDLE_IDENTIFIER = "com.mattdickeydesign.To-Do-List";
				PRODUCT_NAME = "$(TARGET_NAME)";
			};
			name = Debug;
		};
		F0CE88B11C7CC19300A6EBE1 /* Release */ = {
			isa = XCBuildConfiguration;
			buildSettings = {
				ASSETCATALOG_COMPILER_APPICON_NAME = AppIcon;
				INFOPLIST_FILE = "To Do List/Info.plist";
				LD_RUNPATH_SEARCH_PATHS = "$(inherited) @executable_path/Frameworks";
				PRODUCT_BUNDLE_IDENTIFIER = "com.mattdickeydesign.To-Do-List";
				PRODUCT_NAME = "$(TARGET_NAME)";
			};
			name = Release;
		};
		F0CE88B31C7CC19300A6EBE1 /* Debug */ = {
			isa = XCBuildConfiguration;
			buildSettings = {
				BUNDLE_LOADER = "$(TEST_HOST)";
				INFOPLIST_FILE = "To Do ListTests/Info.plist";
				LD_RUNPATH_SEARCH_PATHS = "$(inherited) @executable_path/Frameworks @loader_path/Frameworks";
				PRODUCT_BUNDLE_IDENTIFIER = "com.mattdickeydesign.To-Do-ListTests";
				PRODUCT_NAME = "$(TARGET_NAME)";
				TEST_HOST = "$(BUILT_PRODUCTS_DIR)/To Do List.app/To Do List";
			};
			name = Debug;
		};
		F0CE88B41C7CC19300A6EBE1 /* Release */ = {
			isa = XCBuildConfiguration;
			buildSettings = {
				BUNDLE_LOADER = "$(TEST_HOST)";
				INFOPLIST_FILE = "To Do ListTests/Info.plist";
				LD_RUNPATH_SEARCH_PATHS = "$(inherited) @executable_path/Frameworks @loader_path/Frameworks";
				PRODUCT_BUNDLE_IDENTIFIER = "com.mattdickeydesign.To-Do-ListTests";
				PRODUCT_NAME = "$(TARGET_NAME)";
				TEST_HOST = "$(BUILT_PRODUCTS_DIR)/To Do List.app/To Do List";
			};
			name = Release;
		};
		F0CE88B61C7CC19300A6EBE1 /* Debug */ = {
			isa = XCBuildConfiguration;
			buildSettings = {
				INFOPLIST_FILE = "To Do ListUITests/Info.plist";
				LD_RUNPATH_SEARCH_PATHS = "$(inherited) @executable_path/Frameworks @loader_path/Frameworks";
				PRODUCT_BUNDLE_IDENTIFIER = "com.mattdickeydesign.To-Do-ListUITests";
				PRODUCT_NAME = "$(TARGET_NAME)";
				TEST_TARGET_NAME = "To Do List";
				USES_XCTRUNNER = YES;
			};
			name = Debug;
		};
		F0CE88B71C7CC19300A6EBE1 /* Release */ = {
			isa = XCBuildConfiguration;
			buildSettings = {
				INFOPLIST_FILE = "To Do ListUITests/Info.plist";
				LD_RUNPATH_SEARCH_PATHS = "$(inherited) @executable_path/Frameworks @loader_path/Frameworks";
				PRODUCT_BUNDLE_IDENTIFIER = "com.mattdickeydesign.To-Do-ListUITests";
				PRODUCT_NAME = "$(TARGET_NAME)";
				TEST_TARGET_NAME = "To Do List";
				USES_XCTRUNNER = YES;
			};
			name = Release;
		};
/* End XCBuildConfiguration section */

/* Begin XCConfigurationList section */
		F0CE88821C7CC19300A6EBE1 /* Build configuration list for PBXProject "To Do List" */ = {
			isa = XCConfigurationList;
			buildConfigurations = (
				F0CE88AD1C7CC19300A6EBE1 /* Debug */,
				F0CE88AE1C7CC19300A6EBE1 /* Release */,
			);
			defaultConfigurationIsVisible = 0;
			defaultConfigurationName = Release;
		};
		F0CE88AF1C7CC19300A6EBE1 /* Build configuration list for PBXNativeTarget "To Do List" */ = {
			isa = XCConfigurationList;
			buildConfigurations = (
				F0CE88B01C7CC19300A6EBE1 /* Debug */,
				F0CE88B11C7CC19300A6EBE1 /* Release */,
			);
			defaultConfigurationIsVisible = 0;
		};
		F0CE88B21C7CC19300A6EBE1 /* Build configuration list for PBXNativeTarget "To Do ListTests" */ = {
			isa = XCConfigurationList;
			buildConfigurations = (
				F0CE88B31C7CC19300A6EBE1 /* Debug */,
				F0CE88B41C7CC19300A6EBE1 /* Release */,
			);
			defaultConfigurationIsVisible = 0;
		};
		F0CE88B51C7CC19300A6EBE1 /* Build configuration list for PBXNativeTarget "To Do ListUITests" */ = {
			isa = XCConfigurationList;
			buildConfigurations = (
				F0CE88B61C7CC19300A6EBE1 /* Debug */,
				F0CE88B71C7CC19300A6EBE1 /* Release */,
			);
			defaultConfigurationIsVisible = 0;
		};
/* End XCConfigurationList section */
	};
	rootObject = F0CE887F1C7CC19200A6EBE1 /* Project object */;
}
